// !$*UTF8*$!
{
	archiveVersion = 1;
	classes = {
	};
	objectVersion = 54;
	objects = {

/* Begin PBXAggregateTarget section */
		2170719C25BB60A20052BACE /* AEPEdgeConsentXCF */ = {
			isa = PBXAggregateTarget;
			buildConfigurationList = 2170719D25BB60A20052BACE /* Build configuration list for PBXAggregateTarget "AEPEdgeConsentXCF" */;
			buildPhases = (
			);
			dependencies = (
				217071A525BB60E20052BACE /* PBXTargetDependency */,
			);
			name = AEPEdgeConsentXCF;
			productName = AEPConsentXCF;
		};
/* End PBXAggregateTarget section */

/* Begin PBXBuildFile section */
		2158820925E57C4C005B830B /* Dictionary+Flatten.swift in Sources */ = {isa = PBXBuildFile; fileRef = 2158820825E57C4C005B830B /* Dictionary+Flatten.swift */; };
		2158821225E5A729005B830B /* Dictionary+Flatten.swift in Sources */ = {isa = PBXBuildFile; fileRef = 2158820825E57C4C005B830B /* Dictionary+Flatten.swift */; };
		21639FCC25E70FCA000D95E5 /* MockDataStore.swift in Sources */ = {isa = PBXBuildFile; fileRef = 21639FCB25E70FCA000D95E5 /* MockDataStore.swift */; };
		2170714525BB5BEB0052BACE /* AEPEdgeConsent.framework in Frameworks */ = {isa = PBXBuildFile; fileRef = 2170713B25BB5BEA0052BACE /* AEPEdgeConsent.framework */; };
		2170714C25BB5BEB0052BACE /* AEPEdgeConsent.h in Headers */ = {isa = PBXBuildFile; fileRef = 2170713E25BB5BEA0052BACE /* AEPEdgeConsent.h */; settings = {ATTRIBUTES = (Public, ); }; };
		2170716825BB5CDC0052BACE /* ConsentFunctionalTests.swift in Sources */ = {isa = PBXBuildFile; fileRef = 2170716725BB5CDC0052BACE /* ConsentFunctionalTests.swift */; };
		2170716A25BB5CDC0052BACE /* AEPEdgeConsent.framework in Frameworks */ = {isa = PBXBuildFile; fileRef = 2170713B25BB5BEA0052BACE /* AEPEdgeConsent.framework */; };
		2170719125BB5F1A0052BACE /* Consent.swift in Sources */ = {isa = PBXBuildFile; fileRef = 2170719025BB5F1A0052BACE /* Consent.swift */; };
		2170719825BB5F9B0052BACE /* ConsentConstants.swift in Sources */ = {isa = PBXBuildFile; fileRef = 2170719725BB5F9B0052BACE /* ConsentConstants.swift */; };
		217219E325CC9CDE00639914 /* Consent+PublicAPI.swift in Sources */ = {isa = PBXBuildFile; fileRef = 217219E225CC9CDE00639914 /* Consent+PublicAPI.swift */; };
		21A9E2A525D1E9690089690E /* ConsentPublicAPITests.swift in Sources */ = {isa = PBXBuildFile; fileRef = 21A9E2A425D1E9690089690E /* ConsentPublicAPITests.swift */; };
		21A9E2AB25D1ED910089690E /* EventHub+Testable.swift in Sources */ = {isa = PBXBuildFile; fileRef = 21A9E2AA25D1ED910089690E /* EventHub+Testable.swift */; };
		21A9E2B125D1EDB10089690E /* MockExtension.swift in Sources */ = {isa = PBXBuildFile; fileRef = 21A9E2B025D1EDB10089690E /* MockExtension.swift */; };
		21B544E12DB5DE2F4C3315CB /* Pods_UnitTests.framework in Frameworks */ = {isa = PBXBuildFile; fileRef = 877A8AACD6D02629093E37AA /* Pods_UnitTests.framework */; };
		21C095B325BB9060006C1CFE /* ConsentPreferences.swift in Sources */ = {isa = PBXBuildFile; fileRef = 21C095B225BB9060006C1CFE /* ConsentPreferences.swift */; };
		21C095B925BB906A006C1CFE /* ConsentPreferencesManager.swift in Sources */ = {isa = PBXBuildFile; fileRef = 21C095B825BB906A006C1CFE /* ConsentPreferencesManager.swift */; };
		21C0960825BF3429006C1CFE /* ConsentPreferencesTests.swift in Sources */ = {isa = PBXBuildFile; fileRef = 21C0960725BF3429006C1CFE /* ConsentPreferencesTests.swift */; };
		21C0963325BF4928006C1CFE /* ConsentPreferencesManagerTests.swift in Sources */ = {isa = PBXBuildFile; fileRef = 21C0963225BF4928006C1CFE /* ConsentPreferencesManagerTests.swift */; };
		21C0964725BF4A21006C1CFE /* MockDataStore.swift in Sources */ = {isa = PBXBuildFile; fileRef = 21C0963925BF49D4006C1CFE /* MockDataStore.swift */; };
		21D4BAAB25E9724E00DD11AF /* AppDelegate.swift in Sources */ = {isa = PBXBuildFile; fileRef = 21D4BAAA25E9724E00DD11AF /* AppDelegate.swift */; };
		21D4BAAD25E9724F00DD11AF /* SceneDelegate.swift in Sources */ = {isa = PBXBuildFile; fileRef = 21D4BAAC25E9724F00DD11AF /* SceneDelegate.swift */; };
		21D4BAAF25E9724F00DD11AF /* ContentView.swift in Sources */ = {isa = PBXBuildFile; fileRef = 21D4BAAE25E9724F00DD11AF /* ContentView.swift */; };
		21D4BAB125E9724F00DD11AF /* Assets.xcassets in Resources */ = {isa = PBXBuildFile; fileRef = 21D4BAB025E9724F00DD11AF /* Assets.xcassets */; };
		21D4BAB425E9724F00DD11AF /* Preview Assets.xcassets in Resources */ = {isa = PBXBuildFile; fileRef = 21D4BAB325E9724F00DD11AF /* Preview Assets.xcassets */; };
		21D4BAB725E9724F00DD11AF /* LaunchScreen.storyboard in Resources */ = {isa = PBXBuildFile; fileRef = 21D4BAB525E9724F00DD11AF /* LaunchScreen.storyboard */; };
		21E80A3125BF6EAD00011C18 /* TestableExtensionRuntime.swift in Sources */ = {isa = PBXBuildFile; fileRef = 21E80A3025BF6EAD00011C18 /* TestableExtensionRuntime.swift */; };
		2EDF6188287CC84D007DCFCC /* AppDelegate.swift in Sources */ = {isa = PBXBuildFile; fileRef = 21D4BAAA25E9724E00DD11AF /* AppDelegate.swift */; };
		2EDF6189287CC84D007DCFCC /* SceneDelegate.swift in Sources */ = {isa = PBXBuildFile; fileRef = 21D4BAAC25E9724F00DD11AF /* SceneDelegate.swift */; };
		2EDF618A287CC84D007DCFCC /* ContentView.swift in Sources */ = {isa = PBXBuildFile; fileRef = 21D4BAAE25E9724F00DD11AF /* ContentView.swift */; };
		2EDF618F287CC84D007DCFCC /* Preview Assets.xcassets in Resources */ = {isa = PBXBuildFile; fileRef = 21D4BAB325E9724F00DD11AF /* Preview Assets.xcassets */; };
		2EDF6190287CC84D007DCFCC /* Assets.xcassets in Resources */ = {isa = PBXBuildFile; fileRef = 21D4BAB025E9724F00DD11AF /* Assets.xcassets */; };
		30124AD4C967CCE6E441C0AF /* Pods_FunctionalTests.framework in Frameworks */ = {isa = PBXBuildFile; fileRef = 79824FF2DC5D9EF797353B8F /* Pods_FunctionalTests.framework */; };
		5E79E859C13FA3D7D09F8B67 /* Pods_AEPEdgeConsent.framework in Frameworks */ = {isa = PBXBuildFile; fileRef = 4FBFA31E93600F3EFABBAAD5 /* Pods_AEPEdgeConsent.framework */; };
		667E387BF7FBF6B6068678E7 /* Pods_TestApptvOS.framework in Frameworks */ = {isa = PBXBuildFile; fileRef = 09645E3D3E3CB9984BF5C6F7 /* Pods_TestApptvOS.framework */; };
		A44A5DA94D4EFCC852D2D2C4 /* Pods_TestApp.framework in Frameworks */ = {isa = PBXBuildFile; fileRef = FF8D71F5046A8978899196E8 /* Pods_TestApp.framework */; };
		B6F662302604B3C600BB6DD2 /* AppDelegate.m in Sources */ = {isa = PBXBuildFile; fileRef = B6F6622F2604B3C600BB6DD2 /* AppDelegate.m */; };
		B6F662362604B3C600BB6DD2 /* ViewController.m in Sources */ = {isa = PBXBuildFile; fileRef = B6F662352604B3C600BB6DD2 /* ViewController.m */; };
		B6F662392604B3C600BB6DD2 /* Main.storyboard in Resources */ = {isa = PBXBuildFile; fileRef = B6F662372604B3C600BB6DD2 /* Main.storyboard */; };
		B6F6623B2604B3C600BB6DD2 /* Assets.xcassets in Resources */ = {isa = PBXBuildFile; fileRef = B6F6623A2604B3C600BB6DD2 /* Assets.xcassets */; };
		B6F6623E2604B3C600BB6DD2 /* LaunchScreen.storyboard in Resources */ = {isa = PBXBuildFile; fileRef = B6F6623C2604B3C600BB6DD2 /* LaunchScreen.storyboard */; };
		B6F662412604B3C600BB6DD2 /* main.m in Sources */ = {isa = PBXBuildFile; fileRef = B6F662402604B3C600BB6DD2 /* main.m */; };
		B6F6627A2604B8E400BB6DD2 /* SceneDelegate.m in Sources */ = {isa = PBXBuildFile; fileRef = B6F662792604B8E400BB6DD2 /* SceneDelegate.m */; };
		B7F76628958B331CDE628174 /* Pods_TestAppObjC.framework in Frameworks */ = {isa = PBXBuildFile; fileRef = B454DDC4190B82D6431B1702 /* Pods_TestAppObjC.framework */; };
		BFCDF45E27E93675005C4849 /* Date+ISO8601.swift in Sources */ = {isa = PBXBuildFile; fileRef = 21D0F20B25C1EA410091FFBD /* Date+ISO8601.swift */; };
		BFCDF45F27E93676005C4849 /* Date+ISO8601.swift in Sources */ = {isa = PBXBuildFile; fileRef = 21D0F20B25C1EA410091FFBD /* Date+ISO8601.swift */; };
/* End PBXBuildFile section */

/* Begin PBXContainerItemProxy section */
		2170714625BB5BEB0052BACE /* PBXContainerItemProxy */ = {
			isa = PBXContainerItemProxy;
			containerPortal = 2170713225BB5BEA0052BACE /* Project object */;
			proxyType = 1;
			remoteGlobalIDString = 2170713A25BB5BEA0052BACE;
			remoteInfo = AEPConsent;
		};
		2170716B25BB5CDD0052BACE /* PBXContainerItemProxy */ = {
			isa = PBXContainerItemProxy;
			containerPortal = 2170713225BB5BEA0052BACE /* Project object */;
			proxyType = 1;
			remoteGlobalIDString = 2170713A25BB5BEA0052BACE;
			remoteInfo = AEPConsent;
		};
		217071A425BB60E20052BACE /* PBXContainerItemProxy */ = {
			isa = PBXContainerItemProxy;
			containerPortal = 2170713225BB5BEA0052BACE /* Project object */;
			proxyType = 1;
			remoteGlobalIDString = 2170713A25BB5BEA0052BACE;
			remoteInfo = AEPConsent;
		};
		21D4BADD25E9766B00DD11AF /* PBXContainerItemProxy */ = {
			isa = PBXContainerItemProxy;
			containerPortal = 2170713225BB5BEA0052BACE /* Project object */;
			proxyType = 1;
			remoteGlobalIDString = 2170713A25BB5BEA0052BACE;
			remoteInfo = AEPConsent;
		};
		2EDF6185287CC84D007DCFCC /* PBXContainerItemProxy */ = {
			isa = PBXContainerItemProxy;
			containerPortal = 2170713225BB5BEA0052BACE /* Project object */;
			proxyType = 1;
			remoteGlobalIDString = 2170713A25BB5BEA0052BACE;
			remoteInfo = AEPConsent;
		};
		B6F662642604B86500BB6DD2 /* PBXContainerItemProxy */ = {
			isa = PBXContainerItemProxy;
			containerPortal = 2170713225BB5BEA0052BACE /* Project object */;
			proxyType = 1;
			remoteGlobalIDString = 2170713A25BB5BEA0052BACE;
			remoteInfo = AEPEdgeConsent;
		};
/* End PBXContainerItemProxy section */

/* Begin PBXFileReference section */
		09645E3D3E3CB9984BF5C6F7 /* Pods_TestApptvOS.framework */ = {isa = PBXFileReference; explicitFileType = wrapper.framework; includeInIndex = 0; path = Pods_TestApptvOS.framework; sourceTree = BUILT_PRODUCTS_DIR; };
		2158820825E57C4C005B830B /* Dictionary+Flatten.swift */ = {isa = PBXFileReference; lastKnownFileType = sourcecode.swift; path = "Dictionary+Flatten.swift"; sourceTree = "<group>"; };
		21639FCB25E70FCA000D95E5 /* MockDataStore.swift */ = {isa = PBXFileReference; lastKnownFileType = sourcecode.swift; path = MockDataStore.swift; sourceTree = "<group>"; };
		2170713B25BB5BEA0052BACE /* AEPEdgeConsent.framework */ = {isa = PBXFileReference; explicitFileType = wrapper.framework; includeInIndex = 0; path = AEPEdgeConsent.framework; sourceTree = BUILT_PRODUCTS_DIR; };
		2170713E25BB5BEA0052BACE /* AEPEdgeConsent.h */ = {isa = PBXFileReference; lastKnownFileType = sourcecode.c.h; path = AEPEdgeConsent.h; sourceTree = "<group>"; };
		2170713F25BB5BEA0052BACE /* Info.plist */ = {isa = PBXFileReference; lastKnownFileType = text.plist.xml; path = Info.plist; sourceTree = "<group>"; };
		2170714425BB5BEB0052BACE /* UnitTests.xctest */ = {isa = PBXFileReference; explicitFileType = wrapper.cfbundle; includeInIndex = 0; path = UnitTests.xctest; sourceTree = BUILT_PRODUCTS_DIR; };
		2170714B25BB5BEB0052BACE /* Info.plist */ = {isa = PBXFileReference; lastKnownFileType = text.plist.xml; path = Info.plist; sourceTree = "<group>"; };
		2170716525BB5CDC0052BACE /* FunctionalTests.xctest */ = {isa = PBXFileReference; explicitFileType = wrapper.cfbundle; includeInIndex = 0; path = FunctionalTests.xctest; sourceTree = BUILT_PRODUCTS_DIR; };
		2170716725BB5CDC0052BACE /* ConsentFunctionalTests.swift */ = {isa = PBXFileReference; lastKnownFileType = sourcecode.swift; path = ConsentFunctionalTests.swift; sourceTree = "<group>"; };
		2170716925BB5CDC0052BACE /* Info.plist */ = {isa = PBXFileReference; lastKnownFileType = text.plist.xml; path = Info.plist; sourceTree = "<group>"; };
		2170719025BB5F1A0052BACE /* Consent.swift */ = {isa = PBXFileReference; lastKnownFileType = sourcecode.swift; path = Consent.swift; sourceTree = "<group>"; };
		2170719725BB5F9B0052BACE /* ConsentConstants.swift */ = {isa = PBXFileReference; lastKnownFileType = sourcecode.swift; path = ConsentConstants.swift; sourceTree = "<group>"; };
		217219E225CC9CDE00639914 /* Consent+PublicAPI.swift */ = {isa = PBXFileReference; lastKnownFileType = sourcecode.swift; path = "Consent+PublicAPI.swift"; sourceTree = "<group>"; };
		21A9E2A425D1E9690089690E /* ConsentPublicAPITests.swift */ = {isa = PBXFileReference; lastKnownFileType = sourcecode.swift; path = ConsentPublicAPITests.swift; sourceTree = "<group>"; };
		21A9E2AA25D1ED910089690E /* EventHub+Testable.swift */ = {isa = PBXFileReference; lastKnownFileType = sourcecode.swift; path = "EventHub+Testable.swift"; sourceTree = "<group>"; };
		21A9E2B025D1EDB10089690E /* MockExtension.swift */ = {isa = PBXFileReference; lastKnownFileType = sourcecode.swift; path = MockExtension.swift; sourceTree = "<group>"; };
		21C095B225BB9060006C1CFE /* ConsentPreferences.swift */ = {isa = PBXFileReference; lastKnownFileType = sourcecode.swift; path = ConsentPreferences.swift; sourceTree = "<group>"; };
		21C095B825BB906A006C1CFE /* ConsentPreferencesManager.swift */ = {isa = PBXFileReference; lastKnownFileType = sourcecode.swift; path = ConsentPreferencesManager.swift; sourceTree = "<group>"; };
		21C0960725BF3429006C1CFE /* ConsentPreferencesTests.swift */ = {isa = PBXFileReference; lastKnownFileType = sourcecode.swift; path = ConsentPreferencesTests.swift; sourceTree = "<group>"; };
		21C0963225BF4928006C1CFE /* ConsentPreferencesManagerTests.swift */ = {isa = PBXFileReference; lastKnownFileType = sourcecode.swift; path = ConsentPreferencesManagerTests.swift; sourceTree = "<group>"; };
		21C0963925BF49D4006C1CFE /* MockDataStore.swift */ = {isa = PBXFileReference; lastKnownFileType = sourcecode.swift; path = MockDataStore.swift; sourceTree = "<group>"; };
		21D0F20B25C1EA410091FFBD /* Date+ISO8601.swift */ = {isa = PBXFileReference; lastKnownFileType = sourcecode.swift; path = "Date+ISO8601.swift"; sourceTree = "<group>"; };
		21D4BAA825E9724E00DD11AF /* TestApp.app */ = {isa = PBXFileReference; explicitFileType = wrapper.application; includeInIndex = 0; path = TestApp.app; sourceTree = BUILT_PRODUCTS_DIR; };
		21D4BAAA25E9724E00DD11AF /* AppDelegate.swift */ = {isa = PBXFileReference; lastKnownFileType = sourcecode.swift; path = AppDelegate.swift; sourceTree = "<group>"; };
		21D4BAAC25E9724F00DD11AF /* SceneDelegate.swift */ = {isa = PBXFileReference; lastKnownFileType = sourcecode.swift; path = SceneDelegate.swift; sourceTree = "<group>"; };
		21D4BAAE25E9724F00DD11AF /* ContentView.swift */ = {isa = PBXFileReference; lastKnownFileType = sourcecode.swift; path = ContentView.swift; sourceTree = "<group>"; };
		21D4BAB025E9724F00DD11AF /* Assets.xcassets */ = {isa = PBXFileReference; lastKnownFileType = folder.assetcatalog; path = Assets.xcassets; sourceTree = "<group>"; };
		21D4BAB325E9724F00DD11AF /* Preview Assets.xcassets */ = {isa = PBXFileReference; lastKnownFileType = folder.assetcatalog; path = "Preview Assets.xcassets"; sourceTree = "<group>"; };
		21D4BAB625E9724F00DD11AF /* Base */ = {isa = PBXFileReference; lastKnownFileType = file.storyboard; name = Base; path = Base.lproj/LaunchScreen.storyboard; sourceTree = "<group>"; };
		21D4BAB825E9724F00DD11AF /* Info.plist */ = {isa = PBXFileReference; lastKnownFileType = text.plist.xml; path = Info.plist; sourceTree = "<group>"; };
		21E80A3025BF6EAD00011C18 /* TestableExtensionRuntime.swift */ = {isa = PBXFileReference; lastKnownFileType = sourcecode.swift; path = TestableExtensionRuntime.swift; sourceTree = "<group>"; };
		27A17A616D290052F8E830C3 /* Pods-TestApptvOS.release.xcconfig */ = {isa = PBXFileReference; includeInIndex = 1; lastKnownFileType = text.xcconfig; name = "Pods-TestApptvOS.release.xcconfig"; path = "Target Support Files/Pods-TestApptvOS/Pods-TestApptvOS.release.xcconfig"; sourceTree = "<group>"; };
		2EDF6195287CC84D007DCFCC /* TestApptvOS.app */ = {isa = PBXFileReference; explicitFileType = wrapper.application; includeInIndex = 0; path = TestApptvOS.app; sourceTree = BUILT_PRODUCTS_DIR; };
		3F2C06AA47E441327CE220B2 /* Pods-UnitTests.debug.xcconfig */ = {isa = PBXFileReference; includeInIndex = 1; lastKnownFileType = text.xcconfig; name = "Pods-UnitTests.debug.xcconfig"; path = "Target Support Files/Pods-UnitTests/Pods-UnitTests.debug.xcconfig"; sourceTree = "<group>"; };
		45878FD7E61A518BDB6FDF73 /* Pods-AEPEdgeConsent.release.xcconfig */ = {isa = PBXFileReference; includeInIndex = 1; lastKnownFileType = text.xcconfig; name = "Pods-AEPEdgeConsent.release.xcconfig"; path = "Target Support Files/Pods-AEPEdgeConsent/Pods-AEPEdgeConsent.release.xcconfig"; sourceTree = "<group>"; };
		4FBFA31E93600F3EFABBAAD5 /* Pods_AEPEdgeConsent.framework */ = {isa = PBXFileReference; explicitFileType = wrapper.framework; includeInIndex = 0; path = Pods_AEPEdgeConsent.framework; sourceTree = BUILT_PRODUCTS_DIR; };
		738863F33045EA46348BDE5E /* Pods-TestApp.debug.xcconfig */ = {isa = PBXFileReference; includeInIndex = 1; lastKnownFileType = text.xcconfig; name = "Pods-TestApp.debug.xcconfig"; path = "Target Support Files/Pods-TestApp/Pods-TestApp.debug.xcconfig"; sourceTree = "<group>"; };
		74533D2EE7FC0D9DA23A96EF /* Pods-TestApptvOS.debug.xcconfig */ = {isa = PBXFileReference; includeInIndex = 1; lastKnownFileType = text.xcconfig; name = "Pods-TestApptvOS.debug.xcconfig"; path = "Target Support Files/Pods-TestApptvOS/Pods-TestApptvOS.debug.xcconfig"; sourceTree = "<group>"; };
		79824FF2DC5D9EF797353B8F /* Pods_FunctionalTests.framework */ = {isa = PBXFileReference; explicitFileType = wrapper.framework; includeInIndex = 0; path = Pods_FunctionalTests.framework; sourceTree = BUILT_PRODUCTS_DIR; };
		7ECBCA4F43AC73B926953E4E /* Pods-FunctionalTests.debug.xcconfig */ = {isa = PBXFileReference; includeInIndex = 1; lastKnownFileType = text.xcconfig; name = "Pods-FunctionalTests.debug.xcconfig"; path = "Target Support Files/Pods-FunctionalTests/Pods-FunctionalTests.debug.xcconfig"; sourceTree = "<group>"; };
		7ED68BF4379164BAE4481EC0 /* Pods-FunctionalTests.release.xcconfig */ = {isa = PBXFileReference; includeInIndex = 1; lastKnownFileType = text.xcconfig; name = "Pods-FunctionalTests.release.xcconfig"; path = "Target Support Files/Pods-FunctionalTests/Pods-FunctionalTests.release.xcconfig"; sourceTree = "<group>"; };
		877A8AACD6D02629093E37AA /* Pods_UnitTests.framework */ = {isa = PBXFileReference; explicitFileType = wrapper.framework; includeInIndex = 0; path = Pods_UnitTests.framework; sourceTree = BUILT_PRODUCTS_DIR; };
		9C69F2AF6885615A9903E345 /* Pods-TestAppObjC.debug.xcconfig */ = {isa = PBXFileReference; includeInIndex = 1; lastKnownFileType = text.xcconfig; name = "Pods-TestAppObjC.debug.xcconfig"; path = "Target Support Files/Pods-TestAppObjC/Pods-TestAppObjC.debug.xcconfig"; sourceTree = "<group>"; };
		B454DDC4190B82D6431B1702 /* Pods_TestAppObjC.framework */ = {isa = PBXFileReference; explicitFileType = wrapper.framework; includeInIndex = 0; path = Pods_TestAppObjC.framework; sourceTree = BUILT_PRODUCTS_DIR; };
		B6F6622C2604B3C600BB6DD2 /* TestAppObjC.app */ = {isa = PBXFileReference; explicitFileType = wrapper.application; includeInIndex = 0; path = TestAppObjC.app; sourceTree = BUILT_PRODUCTS_DIR; };
		B6F6622E2604B3C600BB6DD2 /* AppDelegate.h */ = {isa = PBXFileReference; lastKnownFileType = sourcecode.c.h; path = AppDelegate.h; sourceTree = "<group>"; };
		B6F6622F2604B3C600BB6DD2 /* AppDelegate.m */ = {isa = PBXFileReference; lastKnownFileType = sourcecode.c.objc; path = AppDelegate.m; sourceTree = "<group>"; };
		B6F662342604B3C600BB6DD2 /* ViewController.h */ = {isa = PBXFileReference; lastKnownFileType = sourcecode.c.h; path = ViewController.h; sourceTree = "<group>"; };
		B6F662352604B3C600BB6DD2 /* ViewController.m */ = {isa = PBXFileReference; lastKnownFileType = sourcecode.c.objc; path = ViewController.m; sourceTree = "<group>"; };
		B6F662382604B3C600BB6DD2 /* Base */ = {isa = PBXFileReference; lastKnownFileType = file.storyboard; name = Base; path = Base.lproj/Main.storyboard; sourceTree = "<group>"; };
		B6F6623A2604B3C600BB6DD2 /* Assets.xcassets */ = {isa = PBXFileReference; lastKnownFileType = folder.assetcatalog; path = Assets.xcassets; sourceTree = "<group>"; };
		B6F6623D2604B3C600BB6DD2 /* Base */ = {isa = PBXFileReference; lastKnownFileType = file.storyboard; name = Base; path = Base.lproj/LaunchScreen.storyboard; sourceTree = "<group>"; };
		B6F6623F2604B3C600BB6DD2 /* Info.plist */ = {isa = PBXFileReference; lastKnownFileType = text.plist.xml; path = Info.plist; sourceTree = "<group>"; };
		B6F662402604B3C600BB6DD2 /* main.m */ = {isa = PBXFileReference; lastKnownFileType = sourcecode.c.objc; path = main.m; sourceTree = "<group>"; };
		B6F662782604B8E400BB6DD2 /* SceneDelegate.h */ = {isa = PBXFileReference; fileEncoding = 4; lastKnownFileType = sourcecode.c.h; path = SceneDelegate.h; sourceTree = "<group>"; };
		B6F662792604B8E400BB6DD2 /* SceneDelegate.m */ = {isa = PBXFileReference; fileEncoding = 4; lastKnownFileType = sourcecode.c.objc; path = SceneDelegate.m; sourceTree = "<group>"; };
		D9F79206F570267BDFB0B5E3 /* Pods-TestApp.release.xcconfig */ = {isa = PBXFileReference; includeInIndex = 1; lastKnownFileType = text.xcconfig; name = "Pods-TestApp.release.xcconfig"; path = "Target Support Files/Pods-TestApp/Pods-TestApp.release.xcconfig"; sourceTree = "<group>"; };
		E6838869FDDCC44C082808CB /* Pods-UnitTests.release.xcconfig */ = {isa = PBXFileReference; includeInIndex = 1; lastKnownFileType = text.xcconfig; name = "Pods-UnitTests.release.xcconfig"; path = "Target Support Files/Pods-UnitTests/Pods-UnitTests.release.xcconfig"; sourceTree = "<group>"; };
		E9D4F698303EA72F23B7E104 /* Pods-TestAppObjC.release.xcconfig */ = {isa = PBXFileReference; includeInIndex = 1; lastKnownFileType = text.xcconfig; name = "Pods-TestAppObjC.release.xcconfig"; path = "Target Support Files/Pods-TestAppObjC/Pods-TestAppObjC.release.xcconfig"; sourceTree = "<group>"; };
		EC05CBFD61FB8FA7168BD55B /* Pods-AEPEdgeConsent.debug.xcconfig */ = {isa = PBXFileReference; includeInIndex = 1; lastKnownFileType = text.xcconfig; name = "Pods-AEPEdgeConsent.debug.xcconfig"; path = "Target Support Files/Pods-AEPEdgeConsent/Pods-AEPEdgeConsent.debug.xcconfig"; sourceTree = "<group>"; };
		FF8D71F5046A8978899196E8 /* Pods_TestApp.framework */ = {isa = PBXFileReference; explicitFileType = wrapper.framework; includeInIndex = 0; path = Pods_TestApp.framework; sourceTree = BUILT_PRODUCTS_DIR; };
/* End PBXFileReference section */

/* Begin PBXFrameworksBuildPhase section */
		2170713825BB5BEA0052BACE /* Frameworks */ = {
			isa = PBXFrameworksBuildPhase;
			buildActionMask = 2147483647;
			files = (
				5E79E859C13FA3D7D09F8B67 /* Pods_AEPEdgeConsent.framework in Frameworks */,
			);
			runOnlyForDeploymentPostprocessing = 0;
		};
		2170714125BB5BEB0052BACE /* Frameworks */ = {
			isa = PBXFrameworksBuildPhase;
			buildActionMask = 2147483647;
			files = (
				2170714525BB5BEB0052BACE /* AEPEdgeConsent.framework in Frameworks */,
				21B544E12DB5DE2F4C3315CB /* Pods_UnitTests.framework in Frameworks */,
			);
			runOnlyForDeploymentPostprocessing = 0;
		};
		2170716225BB5CDC0052BACE /* Frameworks */ = {
			isa = PBXFrameworksBuildPhase;
			buildActionMask = 2147483647;
			files = (
				2170716A25BB5CDC0052BACE /* AEPEdgeConsent.framework in Frameworks */,
				30124AD4C967CCE6E441C0AF /* Pods_FunctionalTests.framework in Frameworks */,
			);
			runOnlyForDeploymentPostprocessing = 0;
		};
		21D4BAA525E9724E00DD11AF /* Frameworks */ = {
			isa = PBXFrameworksBuildPhase;
			buildActionMask = 2147483647;
			files = (
				A44A5DA94D4EFCC852D2D2C4 /* Pods_TestApp.framework in Frameworks */,
			);
			runOnlyForDeploymentPostprocessing = 0;
		};
		2EDF618B287CC84D007DCFCC /* Frameworks */ = {
			isa = PBXFrameworksBuildPhase;
			buildActionMask = 2147483647;
			files = (
				667E387BF7FBF6B6068678E7 /* Pods_TestApptvOS.framework in Frameworks */,
			);
			runOnlyForDeploymentPostprocessing = 0;
		};
		B6F662292604B3C600BB6DD2 /* Frameworks */ = {
			isa = PBXFrameworksBuildPhase;
			buildActionMask = 2147483647;
			files = (
				B7F76628958B331CDE628174 /* Pods_TestAppObjC.framework in Frameworks */,
			);
			runOnlyForDeploymentPostprocessing = 0;
		};
/* End PBXFrameworksBuildPhase section */

/* Begin PBXGroup section */
		2170713125BB5BEA0052BACE = {
			isa = PBXGroup;
			children = (
				2170713D25BB5BEA0052BACE /* Sources */,
				2170714825BB5BEB0052BACE /* UnitTests */,
				2170716625BB5CDC0052BACE /* FunctionalTests */,
				BFCDF45D27E93662005C4849 /* TestUtils */,
				21D4BAA925E9724E00DD11AF /* TestApp */,
				B6F6622D2604B3C600BB6DD2 /* TestAppObjc */,
				2170713C25BB5BEA0052BACE /* Products */,
				B82A3AA7E7C85EC910C031D0 /* Pods */,
				66C4C08AECC4966A15C4C0FF /* Frameworks */,
			);
			sourceTree = "<group>";
		};
		2170713C25BB5BEA0052BACE /* Products */ = {
			isa = PBXGroup;
			children = (
				2170713B25BB5BEA0052BACE /* AEPEdgeConsent.framework */,
				2170714425BB5BEB0052BACE /* UnitTests.xctest */,
				2170716525BB5CDC0052BACE /* FunctionalTests.xctest */,
				21D4BAA825E9724E00DD11AF /* TestApp.app */,
				B6F6622C2604B3C600BB6DD2 /* TestAppObjC.app */,
				2EDF6195287CC84D007DCFCC /* TestApptvOS.app */,
			);
			name = Products;
			sourceTree = "<group>";
		};
		2170713D25BB5BEA0052BACE /* Sources */ = {
			isa = PBXGroup;
			children = (
				21A9E29725D1DF430089690E /* Public */,
				2170713E25BB5BEA0052BACE /* AEPEdgeConsent.h */,
				2170719725BB5F9B0052BACE /* ConsentConstants.swift */,
				2170719025BB5F1A0052BACE /* Consent.swift */,
				21C095B825BB906A006C1CFE /* ConsentPreferencesManager.swift */,
				21C095B225BB9060006C1CFE /* ConsentPreferences.swift */,
				2170713F25BB5BEA0052BACE /* Info.plist */,
			);
			path = Sources;
			sourceTree = "<group>";
		};
		2170714825BB5BEB0052BACE /* UnitTests */ = {
			isa = PBXGroup;
			children = (
				21C0963825BF49C8006C1CFE /* Mocks */,
				21C0963225BF4928006C1CFE /* ConsentPreferencesManagerTests.swift */,
				21C0960725BF3429006C1CFE /* ConsentPreferencesTests.swift */,
				2170714B25BB5BEB0052BACE /* Info.plist */,
			);
			name = UnitTests;
			path = Tests/UnitTests;
			sourceTree = "<group>";
		};
		2170716625BB5CDC0052BACE /* FunctionalTests */ = {
			isa = PBXGroup;
			children = (
				21A9E2B625D1EDB90089690E /* Helpers */,
				2170716725BB5CDC0052BACE /* ConsentFunctionalTests.swift */,
				21A9E2A425D1E9690089690E /* ConsentPublicAPITests.swift */,
				2170716925BB5CDC0052BACE /* Info.plist */,
			);
			name = FunctionalTests;
			path = Tests/FunctionalTests;
			sourceTree = "<group>";
		};
		21A9E29725D1DF430089690E /* Public */ = {
			isa = PBXGroup;
			children = (
				217219E225CC9CDE00639914 /* Consent+PublicAPI.swift */,
			);
			path = Public;
			sourceTree = "<group>";
		};
		21A9E2B625D1EDB90089690E /* Helpers */ = {
			isa = PBXGroup;
			children = (
				21E80A3025BF6EAD00011C18 /* TestableExtensionRuntime.swift */,
				21A9E2AA25D1ED910089690E /* EventHub+Testable.swift */,
				21A9E2B025D1EDB10089690E /* MockExtension.swift */,
				2158820825E57C4C005B830B /* Dictionary+Flatten.swift */,
				21639FCB25E70FCA000D95E5 /* MockDataStore.swift */,
			);
			path = Helpers;
			sourceTree = "<group>";
		};
		21C0963825BF49C8006C1CFE /* Mocks */ = {
			isa = PBXGroup;
			children = (
				21C0963925BF49D4006C1CFE /* MockDataStore.swift */,
			);
			path = Mocks;
			sourceTree = "<group>";
		};
		21D4BAA925E9724E00DD11AF /* TestApp */ = {
			isa = PBXGroup;
			children = (
				21D4BAAA25E9724E00DD11AF /* AppDelegate.swift */,
				21D4BAAC25E9724F00DD11AF /* SceneDelegate.swift */,
				21D4BAAE25E9724F00DD11AF /* ContentView.swift */,
				21D4BAB025E9724F00DD11AF /* Assets.xcassets */,
				21D4BAB525E9724F00DD11AF /* LaunchScreen.storyboard */,
				21D4BAB825E9724F00DD11AF /* Info.plist */,
				21D4BAB225E9724F00DD11AF /* Preview Content */,
			);
			path = TestApp;
			sourceTree = "<group>";
		};
		21D4BAB225E9724F00DD11AF /* Preview Content */ = {
			isa = PBXGroup;
			children = (
				21D4BAB325E9724F00DD11AF /* Preview Assets.xcassets */,
			);
			path = "Preview Content";
			sourceTree = "<group>";
		};
		66C4C08AECC4966A15C4C0FF /* Frameworks */ = {
			isa = PBXGroup;
			children = (
				4FBFA31E93600F3EFABBAAD5 /* Pods_AEPEdgeConsent.framework */,
				79824FF2DC5D9EF797353B8F /* Pods_FunctionalTests.framework */,
				FF8D71F5046A8978899196E8 /* Pods_TestApp.framework */,
				B454DDC4190B82D6431B1702 /* Pods_TestAppObjC.framework */,
				09645E3D3E3CB9984BF5C6F7 /* Pods_TestApptvOS.framework */,
				877A8AACD6D02629093E37AA /* Pods_UnitTests.framework */,
			);
			name = Frameworks;
			sourceTree = "<group>";
		};
		B6F6622D2604B3C600BB6DD2 /* TestAppObjc */ = {
			isa = PBXGroup;
			children = (
				B6F662782604B8E400BB6DD2 /* SceneDelegate.h */,
				B6F662792604B8E400BB6DD2 /* SceneDelegate.m */,
				B6F6622E2604B3C600BB6DD2 /* AppDelegate.h */,
				B6F6622F2604B3C600BB6DD2 /* AppDelegate.m */,
				B6F662342604B3C600BB6DD2 /* ViewController.h */,
				B6F662352604B3C600BB6DD2 /* ViewController.m */,
				B6F662372604B3C600BB6DD2 /* Main.storyboard */,
				B6F6623A2604B3C600BB6DD2 /* Assets.xcassets */,
				B6F6623C2604B3C600BB6DD2 /* LaunchScreen.storyboard */,
				B6F6623F2604B3C600BB6DD2 /* Info.plist */,
				B6F662402604B3C600BB6DD2 /* main.m */,
			);
			path = TestAppObjc;
			sourceTree = "<group>";
		};
		B82A3AA7E7C85EC910C031D0 /* Pods */ = {
			isa = PBXGroup;
			children = (
				EC05CBFD61FB8FA7168BD55B /* Pods-AEPEdgeConsent.debug.xcconfig */,
				45878FD7E61A518BDB6FDF73 /* Pods-AEPEdgeConsent.release.xcconfig */,
				7ECBCA4F43AC73B926953E4E /* Pods-FunctionalTests.debug.xcconfig */,
				7ED68BF4379164BAE4481EC0 /* Pods-FunctionalTests.release.xcconfig */,
				738863F33045EA46348BDE5E /* Pods-TestApp.debug.xcconfig */,
				D9F79206F570267BDFB0B5E3 /* Pods-TestApp.release.xcconfig */,
				9C69F2AF6885615A9903E345 /* Pods-TestAppObjC.debug.xcconfig */,
				E9D4F698303EA72F23B7E104 /* Pods-TestAppObjC.release.xcconfig */,
				74533D2EE7FC0D9DA23A96EF /* Pods-TestApptvOS.debug.xcconfig */,
				27A17A616D290052F8E830C3 /* Pods-TestApptvOS.release.xcconfig */,
				3F2C06AA47E441327CE220B2 /* Pods-UnitTests.debug.xcconfig */,
				E6838869FDDCC44C082808CB /* Pods-UnitTests.release.xcconfig */,
			);
			path = Pods;
			sourceTree = "<group>";
		};
		BFCDF45D27E93662005C4849 /* TestUtils */ = {
			isa = PBXGroup;
			children = (
				21D0F20B25C1EA410091FFBD /* Date+ISO8601.swift */,
			);
			name = TestUtils;
			path = Tests/TestUtils;
			sourceTree = "<group>";
		};
/* End PBXGroup section */

/* Begin PBXHeadersBuildPhase section */
		2170713625BB5BEA0052BACE /* Headers */ = {
			isa = PBXHeadersBuildPhase;
			buildActionMask = 2147483647;
			files = (
				2170714C25BB5BEB0052BACE /* AEPEdgeConsent.h in Headers */,
			);
			runOnlyForDeploymentPostprocessing = 0;
		};
/* End PBXHeadersBuildPhase section */

/* Begin PBXNativeTarget section */
		2170713A25BB5BEA0052BACE /* AEPEdgeConsent */ = {
			isa = PBXNativeTarget;
			buildConfigurationList = 2170714F25BB5BEB0052BACE /* Build configuration list for PBXNativeTarget "AEPEdgeConsent" */;
			buildPhases = (
				256EAC61454CD898C7DB7A06 /* [CP] Check Pods Manifest.lock */,
				2170713625BB5BEA0052BACE /* Headers */,
				2170713725BB5BEA0052BACE /* Sources */,
				2170713825BB5BEA0052BACE /* Frameworks */,
				2170713925BB5BEA0052BACE /* Resources */,
				21C095EA25BF2383006C1CFE /* ShellScript */,
			);
			buildRules = (
			);
			dependencies = (
			);
			name = AEPEdgeConsent;
			productName = AEPConsent;
			productReference = 2170713B25BB5BEA0052BACE /* AEPEdgeConsent.framework */;
			productType = "com.apple.product-type.framework";
		};
		2170714325BB5BEB0052BACE /* UnitTests */ = {
			isa = PBXNativeTarget;
			buildConfigurationList = 2170715225BB5BEB0052BACE /* Build configuration list for PBXNativeTarget "UnitTests" */;
			buildPhases = (
				B1860BD40F4B2F8D18AF6300 /* [CP] Check Pods Manifest.lock */,
				2170714025BB5BEB0052BACE /* Sources */,
				2170714125BB5BEB0052BACE /* Frameworks */,
				2170714225BB5BEB0052BACE /* Resources */,
				7F033D90EB032F9DA1C02A17 /* [CP] Embed Pods Frameworks */,
				2E18855D29A6B6F700A994E8 /* ShellScript */,
			);
			buildRules = (
			);
			dependencies = (
				2170714725BB5BEB0052BACE /* PBXTargetDependency */,
			);
			name = UnitTests;
			productName = AEPConsentTests;
			productReference = 2170714425BB5BEB0052BACE /* UnitTests.xctest */;
			productType = "com.apple.product-type.bundle.unit-test";
		};
		2170716425BB5CDC0052BACE /* FunctionalTests */ = {
			isa = PBXNativeTarget;
			buildConfigurationList = 2170716D25BB5CDD0052BACE /* Build configuration list for PBXNativeTarget "FunctionalTests" */;
			buildPhases = (
				8799F91C27C43380462E0181 /* [CP] Check Pods Manifest.lock */,
				2170716125BB5CDC0052BACE /* Sources */,
				2170716225BB5CDC0052BACE /* Frameworks */,
				2170716325BB5CDC0052BACE /* Resources */,
				86DD6BD28E85F9C3E0F88147 /* [CP] Embed Pods Frameworks */,
				2E18855E29A6B6FF00A994E8 /* ShellScript */,
			);
			buildRules = (
			);
			dependencies = (
				2170716C25BB5CDD0052BACE /* PBXTargetDependency */,
			);
			name = FunctionalTests;
			productName = FunctionalTests;
			productReference = 2170716525BB5CDC0052BACE /* FunctionalTests.xctest */;
			productType = "com.apple.product-type.bundle.unit-test";
		};
		21D4BAA725E9724E00DD11AF /* TestApp */ = {
			isa = PBXNativeTarget;
			buildConfigurationList = 21D4BABB25E9724F00DD11AF /* Build configuration list for PBXNativeTarget "TestApp" */;
			buildPhases = (
				54887DDCD54B9CF413E7388B /* [CP] Check Pods Manifest.lock */,
				21D4BAA425E9724E00DD11AF /* Sources */,
				21D4BAA525E9724E00DD11AF /* Frameworks */,
				21D4BAA625E9724E00DD11AF /* Resources */,
				82BD9E88973E1020BD15067F /* [CP] Embed Pods Frameworks */,
				2E18855F29A6B70600A994E8 /* ShellScript */,
			);
			buildRules = (
			);
			dependencies = (
				21D4BADE25E9766B00DD11AF /* PBXTargetDependency */,
			);
			name = TestApp;
			productName = AEPConsentTestApp;
			productReference = 21D4BAA825E9724E00DD11AF /* TestApp.app */;
			productType = "com.apple.product-type.application";
		};
		2EDF6183287CC84D007DCFCC /* TestApptvOS */ = {
			isa = PBXNativeTarget;
			buildConfigurationList = 2EDF6192287CC84D007DCFCC /* Build configuration list for PBXNativeTarget "TestApptvOS" */;
			buildPhases = (
				10AB8CD11A5A87CA8EE64D3F /* [CP] Check Pods Manifest.lock */,
				2EDF6187287CC84D007DCFCC /* Sources */,
				2EDF618B287CC84D007DCFCC /* Frameworks */,
				2EDF618D287CC84D007DCFCC /* Resources */,
				2B8D3072437203E0B80A73F8 /* [CP] Embed Pods Frameworks */,
				2E18856029A6B70D00A994E8 /* ShellScript */,
			);
			buildRules = (
			);
			dependencies = (
				2EDF6184287CC84D007DCFCC /* PBXTargetDependency */,
			);
			name = TestApptvOS;
			productName = AEPConsentTestApp;
			productReference = 2EDF6195287CC84D007DCFCC /* TestApptvOS.app */;
			productType = "com.apple.product-type.application";
		};
		B6F6622B2604B3C600BB6DD2 /* TestAppObjC */ = {
			isa = PBXNativeTarget;
			buildConfigurationList = B6F662442604B3C600BB6DD2 /* Build configuration list for PBXNativeTarget "TestAppObjC" */;
			buildPhases = (
				77747507B6BD61B28A26948D /* [CP] Check Pods Manifest.lock */,
				B6F662282604B3C600BB6DD2 /* Sources */,
				B6F662292604B3C600BB6DD2 /* Frameworks */,
				B6F6622A2604B3C600BB6DD2 /* Resources */,
				5E9E9A664859CDC1ED329CAC /* [CP] Embed Pods Frameworks */,
			);
			buildRules = (
			);
			dependencies = (
				B6F662652604B86500BB6DD2 /* PBXTargetDependency */,
			);
			name = TestAppObjC;
			productName = TestAppObjc;
			productReference = B6F6622C2604B3C600BB6DD2 /* TestAppObjC.app */;
			productType = "com.apple.product-type.application";
		};
/* End PBXNativeTarget section */

/* Begin PBXProject section */
		2170713225BB5BEA0052BACE /* Project object */ = {
			isa = PBXProject;
			attributes = {
				LastSwiftUpdateCheck = 1200;
				LastUpgradeCheck = 1200;
				TargetAttributes = {
					2170713A25BB5BEA0052BACE = {
						CreatedOnToolsVersion = 12.0;
						LastSwiftMigration = 1200;
					};
					2170714325BB5BEB0052BACE = {
						CreatedOnToolsVersion = 12.0;
					};
					2170716425BB5CDC0052BACE = {
						CreatedOnToolsVersion = 12.0;
					};
					2170719C25BB60A20052BACE = {
						CreatedOnToolsVersion = 12.0;
					};
					21D4BAA725E9724E00DD11AF = {
						CreatedOnToolsVersion = 12.0;
					};
					B6F6622B2604B3C600BB6DD2 = {
						CreatedOnToolsVersion = 12.4;
					};
				};
			};
			buildConfigurationList = 2170713525BB5BEA0052BACE /* Build configuration list for PBXProject "AEPEdgeConsent" */;
			compatibilityVersion = "Xcode 9.3";
			developmentRegion = en;
			hasScannedForEncodings = 0;
			knownRegions = (
				en,
				Base,
			);
			mainGroup = 2170713125BB5BEA0052BACE;
			productRefGroup = 2170713C25BB5BEA0052BACE /* Products */;
			projectDirPath = "";
			projectRoot = "";
			targets = (
				2170713A25BB5BEA0052BACE /* AEPEdgeConsent */,
				2170714325BB5BEB0052BACE /* UnitTests */,
				2170716425BB5CDC0052BACE /* FunctionalTests */,
				2170719C25BB60A20052BACE /* AEPEdgeConsentXCF */,
				21D4BAA725E9724E00DD11AF /* TestApp */,
				B6F6622B2604B3C600BB6DD2 /* TestAppObjC */,
				2EDF6183287CC84D007DCFCC /* TestApptvOS */,
			);
		};
/* End PBXProject section */

/* Begin PBXResourcesBuildPhase section */
		2170713925BB5BEA0052BACE /* Resources */ = {
			isa = PBXResourcesBuildPhase;
			buildActionMask = 2147483647;
			files = (
			);
			runOnlyForDeploymentPostprocessing = 0;
		};
		2170714225BB5BEB0052BACE /* Resources */ = {
			isa = PBXResourcesBuildPhase;
			buildActionMask = 2147483647;
			files = (
			);
			runOnlyForDeploymentPostprocessing = 0;
		};
		2170716325BB5CDC0052BACE /* Resources */ = {
			isa = PBXResourcesBuildPhase;
			buildActionMask = 2147483647;
			files = (
			);
			runOnlyForDeploymentPostprocessing = 0;
		};
		21D4BAA625E9724E00DD11AF /* Resources */ = {
			isa = PBXResourcesBuildPhase;
			buildActionMask = 2147483647;
			files = (
				21D4BAB725E9724F00DD11AF /* LaunchScreen.storyboard in Resources */,
				21D4BAB425E9724F00DD11AF /* Preview Assets.xcassets in Resources */,
				21D4BAB125E9724F00DD11AF /* Assets.xcassets in Resources */,
			);
			runOnlyForDeploymentPostprocessing = 0;
		};
		2EDF618D287CC84D007DCFCC /* Resources */ = {
			isa = PBXResourcesBuildPhase;
			buildActionMask = 2147483647;
			files = (
				2EDF618F287CC84D007DCFCC /* Preview Assets.xcassets in Resources */,
				2EDF6190287CC84D007DCFCC /* Assets.xcassets in Resources */,
			);
			runOnlyForDeploymentPostprocessing = 0;
		};
		B6F6622A2604B3C600BB6DD2 /* Resources */ = {
			isa = PBXResourcesBuildPhase;
			buildActionMask = 2147483647;
			files = (
				B6F6623E2604B3C600BB6DD2 /* LaunchScreen.storyboard in Resources */,
				B6F6623B2604B3C600BB6DD2 /* Assets.xcassets in Resources */,
				B6F662392604B3C600BB6DD2 /* Main.storyboard in Resources */,
			);
			runOnlyForDeploymentPostprocessing = 0;
		};
/* End PBXResourcesBuildPhase section */

/* Begin PBXShellScriptBuildPhase section */
		10AB8CD11A5A87CA8EE64D3F /* [CP] Check Pods Manifest.lock */ = {
			isa = PBXShellScriptBuildPhase;
			buildActionMask = 2147483647;
			files = (
			);
			inputFileListPaths = (
			);
			inputPaths = (
				"${PODS_PODFILE_DIR_PATH}/Podfile.lock",
				"${PODS_ROOT}/Manifest.lock",
			);
			name = "[CP] Check Pods Manifest.lock";
			outputFileListPaths = (
			);
			outputPaths = (
				"$(DERIVED_FILE_DIR)/Pods-TestApptvOS-checkManifestLockResult.txt",
			);
			runOnlyForDeploymentPostprocessing = 0;
			shellPath = /bin/sh;
			shellScript = "diff \"${PODS_PODFILE_DIR_PATH}/Podfile.lock\" \"${PODS_ROOT}/Manifest.lock\" > /dev/null\nif [ $? != 0 ] ; then\n    # print error to STDERR\n    echo \"error: The sandbox is not in sync with the Podfile.lock. Run 'pod install' or update your CocoaPods installation.\" >&2\n    exit 1\nfi\n# This output is used by Xcode 'outputs' to avoid re-running this script phase.\necho \"SUCCESS\" > \"${SCRIPT_OUTPUT_FILE_0}\"\n";
			showEnvVarsInLog = 0;
		};
		21C095EA25BF2383006C1CFE /* ShellScript */ = {
			isa = PBXShellScriptBuildPhase;
			alwaysOutOfDate = 1;
			buildActionMask = 2147483647;
			files = (
			);
			inputFileListPaths = (
			);
			inputPaths = (
			);
			outputFileListPaths = (
			);
			outputPaths = (
			);
			runOnlyForDeploymentPostprocessing = 0;
			shellPath = /bin/sh;
			shellScript = "if [[ -z ${ADB_SKIP_LINT} || ${ADB_SKIP_LINT} -ne \"YES\" ]]; then\n    if which ${PODS_ROOT}/SwiftLint/swiftlint >/dev/null; then\n        ${PODS_ROOT}/SwiftLint/swiftlint lint --config ${SRCROOT}/.swiftlint.yml Sources\n    else\n        echo \"warning: SwiftLint is not installed, please run the pod install command from the project root directory.\"\n    fi\nelse\n    echo \"Skipping linting build phase as ADB_SKIP_LINT flag is YES.\"\nfi\n";
		};
		256EAC61454CD898C7DB7A06 /* [CP] Check Pods Manifest.lock */ = {
			isa = PBXShellScriptBuildPhase;
			buildActionMask = 2147483647;
			files = (
			);
			inputFileListPaths = (
			);
			inputPaths = (
				"${PODS_PODFILE_DIR_PATH}/Podfile.lock",
				"${PODS_ROOT}/Manifest.lock",
			);
			name = "[CP] Check Pods Manifest.lock";
			outputFileListPaths = (
			);
			outputPaths = (
				"$(DERIVED_FILE_DIR)/Pods-AEPEdgeConsent-checkManifestLockResult.txt",
			);
			runOnlyForDeploymentPostprocessing = 0;
			shellPath = /bin/sh;
			shellScript = "diff \"${PODS_PODFILE_DIR_PATH}/Podfile.lock\" \"${PODS_ROOT}/Manifest.lock\" > /dev/null\nif [ $? != 0 ] ; then\n    # print error to STDERR\n    echo \"error: The sandbox is not in sync with the Podfile.lock. Run 'pod install' or update your CocoaPods installation.\" >&2\n    exit 1\nfi\n# This output is used by Xcode 'outputs' to avoid re-running this script phase.\necho \"SUCCESS\" > \"${SCRIPT_OUTPUT_FILE_0}\"\n";
			showEnvVarsInLog = 0;
		};
		2B8D3072437203E0B80A73F8 /* [CP] Embed Pods Frameworks */ = {
			isa = PBXShellScriptBuildPhase;
			buildActionMask = 2147483647;
			files = (
			);
			inputFileListPaths = (
				"${PODS_ROOT}/Target Support Files/Pods-TestApptvOS/Pods-TestApptvOS-frameworks-${CONFIGURATION}-input-files.xcfilelist",
			);
			name = "[CP] Embed Pods Frameworks";
			outputFileListPaths = (
				"${PODS_ROOT}/Target Support Files/Pods-TestApptvOS/Pods-TestApptvOS-frameworks-${CONFIGURATION}-output-files.xcfilelist",
			);
			runOnlyForDeploymentPostprocessing = 0;
			shellPath = /bin/sh;
			shellScript = "\"${PODS_ROOT}/Target Support Files/Pods-TestApptvOS/Pods-TestApptvOS-frameworks.sh\"\n";
			showEnvVarsInLog = 0;
		};
		2E18855D29A6B6F700A994E8 /* ShellScript */ = {
			isa = PBXShellScriptBuildPhase;
			alwaysOutOfDate = 1;
			buildActionMask = 2147483647;
			files = (
			);
			inputFileListPaths = (
			);
			inputPaths = (
			);
			outputFileListPaths = (
			);
			outputPaths = (
			);
			runOnlyForDeploymentPostprocessing = 0;
			shellPath = /bin/sh;
			shellScript = "if [[ -z ${ADB_SKIP_LINT} || ${ADB_SKIP_LINT} -ne \"YES\" ]]; then\n    if which ${PODS_ROOT}/SwiftLint/swiftlint >/dev/null; then\n        ${PODS_ROOT}/SwiftLint/swiftlint lint --config ${SRCROOT}/.swiftlint.yml Sources\n    else\n        echo \"warning: SwiftLint is not installed, please run the pod install command from the project root directory.\"\n    fi\nelse\n    echo \"Skipping linting build phase as ADB_SKIP_LINT flag is YES.\"\nfi\n";
		};
		2E18855E29A6B6FF00A994E8 /* ShellScript */ = {
			isa = PBXShellScriptBuildPhase;
			alwaysOutOfDate = 1;
			buildActionMask = 2147483647;
			files = (
			);
			inputFileListPaths = (
			);
			inputPaths = (
			);
			outputFileListPaths = (
			);
			outputPaths = (
			);
			runOnlyForDeploymentPostprocessing = 0;
			shellPath = /bin/sh;
			shellScript = "if [[ -z ${ADB_SKIP_LINT} || ${ADB_SKIP_LINT} -ne \"YES\" ]]; then\n    if which ${PODS_ROOT}/SwiftLint/swiftlint >/dev/null; then\n        ${PODS_ROOT}/SwiftLint/swiftlint lint --config ${SRCROOT}/.swiftlint.yml Sources\n    else\n        echo \"warning: SwiftLint is not installed, please run the pod install command from the project root directory.\"\n    fi\nelse\n    echo \"Skipping linting build phase as ADB_SKIP_LINT flag is YES.\"\nfi\n";
		};
		2E18855F29A6B70600A994E8 /* ShellScript */ = {
			isa = PBXShellScriptBuildPhase;
			alwaysOutOfDate = 1;
			buildActionMask = 2147483647;
			files = (
			);
			inputFileListPaths = (
			);
			inputPaths = (
			);
			outputFileListPaths = (
			);
			outputPaths = (
			);
			runOnlyForDeploymentPostprocessing = 0;
			shellPath = /bin/sh;
			shellScript = "if [[ -z ${ADB_SKIP_LINT} || ${ADB_SKIP_LINT} -ne \"YES\" ]]; then\n    if which ${PODS_ROOT}/SwiftLint/swiftlint >/dev/null; then\n        ${PODS_ROOT}/SwiftLint/swiftlint lint --config ${SRCROOT}/.swiftlint.yml Sources\n    else\n        echo \"warning: SwiftLint is not installed, please run the pod install command from the project root directory.\"\n    fi\nelse\n    echo \"Skipping linting build phase as ADB_SKIP_LINT flag is YES.\"\nfi\n";
		};
		2E18856029A6B70D00A994E8 /* ShellScript */ = {
			isa = PBXShellScriptBuildPhase;
			alwaysOutOfDate = 1;
			buildActionMask = 2147483647;
			files = (
			);
			inputFileListPaths = (
			);
			inputPaths = (
			);
			outputFileListPaths = (
			);
			outputPaths = (
			);
			runOnlyForDeploymentPostprocessing = 0;
			shellPath = /bin/sh;
			shellScript = "if [[ -z ${ADB_SKIP_LINT} || ${ADB_SKIP_LINT} -ne \"YES\" ]]; then\n    if which ${PODS_ROOT}/SwiftLint/swiftlint >/dev/null; then\n        ${PODS_ROOT}/SwiftLint/swiftlint lint --config ${SRCROOT}/.swiftlint.yml Sources\n    else\n        echo \"warning: SwiftLint is not installed, please run the pod install command from the project root directory.\"\n    fi\nelse\n    echo \"Skipping linting build phase as ADB_SKIP_LINT flag is YES.\"\nfi\n";
		};
		54887DDCD54B9CF413E7388B /* [CP] Check Pods Manifest.lock */ = {
			isa = PBXShellScriptBuildPhase;
			buildActionMask = 2147483647;
			files = (
			);
			inputFileListPaths = (
			);
			inputPaths = (
				"${PODS_PODFILE_DIR_PATH}/Podfile.lock",
				"${PODS_ROOT}/Manifest.lock",
			);
			name = "[CP] Check Pods Manifest.lock";
			outputFileListPaths = (
			);
			outputPaths = (
				"$(DERIVED_FILE_DIR)/Pods-TestApp-checkManifestLockResult.txt",
			);
			runOnlyForDeploymentPostprocessing = 0;
			shellPath = /bin/sh;
			shellScript = "diff \"${PODS_PODFILE_DIR_PATH}/Podfile.lock\" \"${PODS_ROOT}/Manifest.lock\" > /dev/null\nif [ $? != 0 ] ; then\n    # print error to STDERR\n    echo \"error: The sandbox is not in sync with the Podfile.lock. Run 'pod install' or update your CocoaPods installation.\" >&2\n    exit 1\nfi\n# This output is used by Xcode 'outputs' to avoid re-running this script phase.\necho \"SUCCESS\" > \"${SCRIPT_OUTPUT_FILE_0}\"\n";
			showEnvVarsInLog = 0;
		};
		5E9E9A664859CDC1ED329CAC /* [CP] Embed Pods Frameworks */ = {
			isa = PBXShellScriptBuildPhase;
			buildActionMask = 2147483647;
			files = (
			);
			inputFileListPaths = (
				"${PODS_ROOT}/Target Support Files/Pods-TestAppObjC/Pods-TestAppObjC-frameworks-${CONFIGURATION}-input-files.xcfilelist",
			);
			name = "[CP] Embed Pods Frameworks";
			outputFileListPaths = (
				"${PODS_ROOT}/Target Support Files/Pods-TestAppObjC/Pods-TestAppObjC-frameworks-${CONFIGURATION}-output-files.xcfilelist",
			);
			runOnlyForDeploymentPostprocessing = 0;
			shellPath = /bin/sh;
			shellScript = "\"${PODS_ROOT}/Target Support Files/Pods-TestAppObjC/Pods-TestAppObjC-frameworks.sh\"\n";
			showEnvVarsInLog = 0;
		};
		77747507B6BD61B28A26948D /* [CP] Check Pods Manifest.lock */ = {
			isa = PBXShellScriptBuildPhase;
			buildActionMask = 2147483647;
			files = (
			);
			inputFileListPaths = (
			);
			inputPaths = (
				"${PODS_PODFILE_DIR_PATH}/Podfile.lock",
				"${PODS_ROOT}/Manifest.lock",
			);
			name = "[CP] Check Pods Manifest.lock";
			outputFileListPaths = (
			);
			outputPaths = (
				"$(DERIVED_FILE_DIR)/Pods-TestAppObjC-checkManifestLockResult.txt",
			);
			runOnlyForDeploymentPostprocessing = 0;
			shellPath = /bin/sh;
			shellScript = "diff \"${PODS_PODFILE_DIR_PATH}/Podfile.lock\" \"${PODS_ROOT}/Manifest.lock\" > /dev/null\nif [ $? != 0 ] ; then\n    # print error to STDERR\n    echo \"error: The sandbox is not in sync with the Podfile.lock. Run 'pod install' or update your CocoaPods installation.\" >&2\n    exit 1\nfi\n# This output is used by Xcode 'outputs' to avoid re-running this script phase.\necho \"SUCCESS\" > \"${SCRIPT_OUTPUT_FILE_0}\"\n";
			showEnvVarsInLog = 0;
		};
		7F033D90EB032F9DA1C02A17 /* [CP] Embed Pods Frameworks */ = {
			isa = PBXShellScriptBuildPhase;
			buildActionMask = 2147483647;
			files = (
			);
			inputFileListPaths = (
				"${PODS_ROOT}/Target Support Files/Pods-UnitTests/Pods-UnitTests-frameworks-${CONFIGURATION}-input-files.xcfilelist",
			);
			name = "[CP] Embed Pods Frameworks";
			outputFileListPaths = (
				"${PODS_ROOT}/Target Support Files/Pods-UnitTests/Pods-UnitTests-frameworks-${CONFIGURATION}-output-files.xcfilelist",
			);
			runOnlyForDeploymentPostprocessing = 0;
			shellPath = /bin/sh;
			shellScript = "\"${PODS_ROOT}/Target Support Files/Pods-UnitTests/Pods-UnitTests-frameworks.sh\"\n";
			showEnvVarsInLog = 0;
		};
		82BD9E88973E1020BD15067F /* [CP] Embed Pods Frameworks */ = {
			isa = PBXShellScriptBuildPhase;
			buildActionMask = 2147483647;
			files = (
			);
			inputFileListPaths = (
				"${PODS_ROOT}/Target Support Files/Pods-TestApp/Pods-TestApp-frameworks-${CONFIGURATION}-input-files.xcfilelist",
			);
			name = "[CP] Embed Pods Frameworks";
			outputFileListPaths = (
				"${PODS_ROOT}/Target Support Files/Pods-TestApp/Pods-TestApp-frameworks-${CONFIGURATION}-output-files.xcfilelist",
			);
			runOnlyForDeploymentPostprocessing = 0;
			shellPath = /bin/sh;
			shellScript = "\"${PODS_ROOT}/Target Support Files/Pods-TestApp/Pods-TestApp-frameworks.sh\"\n";
			showEnvVarsInLog = 0;
		};
		86DD6BD28E85F9C3E0F88147 /* [CP] Embed Pods Frameworks */ = {
			isa = PBXShellScriptBuildPhase;
			buildActionMask = 2147483647;
			files = (
			);
			inputFileListPaths = (
				"${PODS_ROOT}/Target Support Files/Pods-FunctionalTests/Pods-FunctionalTests-frameworks-${CONFIGURATION}-input-files.xcfilelist",
			);
			name = "[CP] Embed Pods Frameworks";
			outputFileListPaths = (
				"${PODS_ROOT}/Target Support Files/Pods-FunctionalTests/Pods-FunctionalTests-frameworks-${CONFIGURATION}-output-files.xcfilelist",
			);
			runOnlyForDeploymentPostprocessing = 0;
			shellPath = /bin/sh;
			shellScript = "\"${PODS_ROOT}/Target Support Files/Pods-FunctionalTests/Pods-FunctionalTests-frameworks.sh\"\n";
			showEnvVarsInLog = 0;
		};
		8799F91C27C43380462E0181 /* [CP] Check Pods Manifest.lock */ = {
			isa = PBXShellScriptBuildPhase;
			buildActionMask = 2147483647;
			files = (
			);
			inputFileListPaths = (
			);
			inputPaths = (
				"${PODS_PODFILE_DIR_PATH}/Podfile.lock",
				"${PODS_ROOT}/Manifest.lock",
			);
			name = "[CP] Check Pods Manifest.lock";
			outputFileListPaths = (
			);
			outputPaths = (
				"$(DERIVED_FILE_DIR)/Pods-FunctionalTests-checkManifestLockResult.txt",
			);
			runOnlyForDeploymentPostprocessing = 0;
			shellPath = /bin/sh;
			shellScript = "diff \"${PODS_PODFILE_DIR_PATH}/Podfile.lock\" \"${PODS_ROOT}/Manifest.lock\" > /dev/null\nif [ $? != 0 ] ; then\n    # print error to STDERR\n    echo \"error: The sandbox is not in sync with the Podfile.lock. Run 'pod install' or update your CocoaPods installation.\" >&2\n    exit 1\nfi\n# This output is used by Xcode 'outputs' to avoid re-running this script phase.\necho \"SUCCESS\" > \"${SCRIPT_OUTPUT_FILE_0}\"\n";
			showEnvVarsInLog = 0;
		};
		B1860BD40F4B2F8D18AF6300 /* [CP] Check Pods Manifest.lock */ = {
			isa = PBXShellScriptBuildPhase;
			buildActionMask = 2147483647;
			files = (
			);
			inputFileListPaths = (
			);
			inputPaths = (
				"${PODS_PODFILE_DIR_PATH}/Podfile.lock",
				"${PODS_ROOT}/Manifest.lock",
			);
			name = "[CP] Check Pods Manifest.lock";
			outputFileListPaths = (
			);
			outputPaths = (
				"$(DERIVED_FILE_DIR)/Pods-UnitTests-checkManifestLockResult.txt",
			);
			runOnlyForDeploymentPostprocessing = 0;
			shellPath = /bin/sh;
			shellScript = "diff \"${PODS_PODFILE_DIR_PATH}/Podfile.lock\" \"${PODS_ROOT}/Manifest.lock\" > /dev/null\nif [ $? != 0 ] ; then\n    # print error to STDERR\n    echo \"error: The sandbox is not in sync with the Podfile.lock. Run 'pod install' or update your CocoaPods installation.\" >&2\n    exit 1\nfi\n# This output is used by Xcode 'outputs' to avoid re-running this script phase.\necho \"SUCCESS\" > \"${SCRIPT_OUTPUT_FILE_0}\"\n";
			showEnvVarsInLog = 0;
		};
/* End PBXShellScriptBuildPhase section */

/* Begin PBXSourcesBuildPhase section */
		2170713725BB5BEA0052BACE /* Sources */ = {
			isa = PBXSourcesBuildPhase;
			buildActionMask = 2147483647;
			files = (
				21C095B925BB906A006C1CFE /* ConsentPreferencesManager.swift in Sources */,
				2170719825BB5F9B0052BACE /* ConsentConstants.swift in Sources */,
				2170719125BB5F1A0052BACE /* Consent.swift in Sources */,
				217219E325CC9CDE00639914 /* Consent+PublicAPI.swift in Sources */,
				21C095B325BB9060006C1CFE /* ConsentPreferences.swift in Sources */,
			);
			runOnlyForDeploymentPostprocessing = 0;
		};
		2170714025BB5BEB0052BACE /* Sources */ = {
			isa = PBXSourcesBuildPhase;
			buildActionMask = 2147483647;
			files = (
				21C0964725BF4A21006C1CFE /* MockDataStore.swift in Sources */,
				21C0963325BF4928006C1CFE /* ConsentPreferencesManagerTests.swift in Sources */,
				2158821225E5A729005B830B /* Dictionary+Flatten.swift in Sources */,
				BFCDF45E27E93675005C4849 /* Date+ISO8601.swift in Sources */,
				21C0960825BF3429006C1CFE /* ConsentPreferencesTests.swift in Sources */,
			);
			runOnlyForDeploymentPostprocessing = 0;
		};
		2170716125BB5CDC0052BACE /* Sources */ = {
			isa = PBXSourcesBuildPhase;
			buildActionMask = 2147483647;
			files = (
				BFCDF45F27E93676005C4849 /* Date+ISO8601.swift in Sources */,
				2158820925E57C4C005B830B /* Dictionary+Flatten.swift in Sources */,
				21A9E2A525D1E9690089690E /* ConsentPublicAPITests.swift in Sources */,
				21A9E2AB25D1ED910089690E /* EventHub+Testable.swift in Sources */,
				21E80A3125BF6EAD00011C18 /* TestableExtensionRuntime.swift in Sources */,
				21639FCC25E70FCA000D95E5 /* MockDataStore.swift in Sources */,
				21A9E2B125D1EDB10089690E /* MockExtension.swift in Sources */,
				2170716825BB5CDC0052BACE /* ConsentFunctionalTests.swift in Sources */,
			);
			runOnlyForDeploymentPostprocessing = 0;
		};
		21D4BAA425E9724E00DD11AF /* Sources */ = {
			isa = PBXSourcesBuildPhase;
			buildActionMask = 2147483647;
			files = (
				21D4BAAB25E9724E00DD11AF /* AppDelegate.swift in Sources */,
				21D4BAAD25E9724F00DD11AF /* SceneDelegate.swift in Sources */,
				21D4BAAF25E9724F00DD11AF /* ContentView.swift in Sources */,
			);
			runOnlyForDeploymentPostprocessing = 0;
		};
		2EDF6187287CC84D007DCFCC /* Sources */ = {
			isa = PBXSourcesBuildPhase;
			buildActionMask = 2147483647;
			files = (
				2EDF6188287CC84D007DCFCC /* AppDelegate.swift in Sources */,
				2EDF6189287CC84D007DCFCC /* SceneDelegate.swift in Sources */,
				2EDF618A287CC84D007DCFCC /* ContentView.swift in Sources */,
			);
			runOnlyForDeploymentPostprocessing = 0;
		};
		B6F662282604B3C600BB6DD2 /* Sources */ = {
			isa = PBXSourcesBuildPhase;
			buildActionMask = 2147483647;
			files = (
				B6F662362604B3C600BB6DD2 /* ViewController.m in Sources */,
				B6F662302604B3C600BB6DD2 /* AppDelegate.m in Sources */,
				B6F662412604B3C600BB6DD2 /* main.m in Sources */,
				B6F6627A2604B8E400BB6DD2 /* SceneDelegate.m in Sources */,
			);
			runOnlyForDeploymentPostprocessing = 0;
		};
/* End PBXSourcesBuildPhase section */

/* Begin PBXTargetDependency section */
		2170714725BB5BEB0052BACE /* PBXTargetDependency */ = {
			isa = PBXTargetDependency;
			target = 2170713A25BB5BEA0052BACE /* AEPEdgeConsent */;
			targetProxy = 2170714625BB5BEB0052BACE /* PBXContainerItemProxy */;
		};
		2170716C25BB5CDD0052BACE /* PBXTargetDependency */ = {
			isa = PBXTargetDependency;
			target = 2170713A25BB5BEA0052BACE /* AEPEdgeConsent */;
			targetProxy = 2170716B25BB5CDD0052BACE /* PBXContainerItemProxy */;
		};
		217071A525BB60E20052BACE /* PBXTargetDependency */ = {
			isa = PBXTargetDependency;
			target = 2170713A25BB5BEA0052BACE /* AEPEdgeConsent */;
			targetProxy = 217071A425BB60E20052BACE /* PBXContainerItemProxy */;
		};
		21D4BADE25E9766B00DD11AF /* PBXTargetDependency */ = {
			isa = PBXTargetDependency;
			target = 2170713A25BB5BEA0052BACE /* AEPEdgeConsent */;
			targetProxy = 21D4BADD25E9766B00DD11AF /* PBXContainerItemProxy */;
		};
		2EDF6184287CC84D007DCFCC /* PBXTargetDependency */ = {
			isa = PBXTargetDependency;
			target = 2170713A25BB5BEA0052BACE /* AEPEdgeConsent */;
			targetProxy = 2EDF6185287CC84D007DCFCC /* PBXContainerItemProxy */;
		};
		B6F662652604B86500BB6DD2 /* PBXTargetDependency */ = {
			isa = PBXTargetDependency;
			target = 2170713A25BB5BEA0052BACE /* AEPEdgeConsent */;
			targetProxy = B6F662642604B86500BB6DD2 /* PBXContainerItemProxy */;
		};
/* End PBXTargetDependency section */

/* Begin PBXVariantGroup section */
		21D4BAB525E9724F00DD11AF /* LaunchScreen.storyboard */ = {
			isa = PBXVariantGroup;
			children = (
				21D4BAB625E9724F00DD11AF /* Base */,
			);
			name = LaunchScreen.storyboard;
			sourceTree = "<group>";
		};
		B6F662372604B3C600BB6DD2 /* Main.storyboard */ = {
			isa = PBXVariantGroup;
			children = (
				B6F662382604B3C600BB6DD2 /* Base */,
			);
			name = Main.storyboard;
			sourceTree = "<group>";
		};
		B6F6623C2604B3C600BB6DD2 /* LaunchScreen.storyboard */ = {
			isa = PBXVariantGroup;
			children = (
				B6F6623D2604B3C600BB6DD2 /* Base */,
			);
			name = LaunchScreen.storyboard;
			sourceTree = "<group>";
		};
/* End PBXVariantGroup section */

/* Begin XCBuildConfiguration section */
		2170714D25BB5BEB0052BACE /* Debug */ = {
			isa = XCBuildConfiguration;
			buildSettings = {
				ALWAYS_SEARCH_USER_PATHS = NO;
				CLANG_ANALYZER_NONNULL = YES;
				CLANG_ANALYZER_NUMBER_OBJECT_CONVERSION = YES_AGGRESSIVE;
				CLANG_CXX_LANGUAGE_STANDARD = "gnu++14";
				CLANG_CXX_LIBRARY = "libc++";
				CLANG_ENABLE_MODULES = YES;
				CLANG_ENABLE_OBJC_ARC = YES;
				CLANG_ENABLE_OBJC_WEAK = YES;
				CLANG_WARN_BLOCK_CAPTURE_AUTORELEASING = YES;
				CLANG_WARN_BOOL_CONVERSION = YES;
				CLANG_WARN_COMMA = YES;
				CLANG_WARN_CONSTANT_CONVERSION = YES;
				CLANG_WARN_DEPRECATED_OBJC_IMPLEMENTATIONS = YES;
				CLANG_WARN_DIRECT_OBJC_ISA_USAGE = YES_ERROR;
				CLANG_WARN_DOCUMENTATION_COMMENTS = YES;
				CLANG_WARN_EMPTY_BODY = YES;
				CLANG_WARN_ENUM_CONVERSION = YES;
				CLANG_WARN_INFINITE_RECURSION = YES;
				CLANG_WARN_INT_CONVERSION = YES;
				CLANG_WARN_NON_LITERAL_NULL_CONVERSION = YES;
				CLANG_WARN_OBJC_IMPLICIT_RETAIN_SELF = YES;
				CLANG_WARN_OBJC_LITERAL_CONVERSION = YES;
				CLANG_WARN_OBJC_ROOT_CLASS = YES_ERROR;
				CLANG_WARN_QUOTED_INCLUDE_IN_FRAMEWORK_HEADER = YES;
				CLANG_WARN_RANGE_LOOP_ANALYSIS = YES;
				CLANG_WARN_STRICT_PROTOTYPES = YES;
				CLANG_WARN_SUSPICIOUS_MOVE = YES;
				CLANG_WARN_UNGUARDED_AVAILABILITY = YES_AGGRESSIVE;
				CLANG_WARN_UNREACHABLE_CODE = YES;
				CLANG_WARN__DUPLICATE_METHOD_MATCH = YES;
				COPY_PHASE_STRIP = NO;
				CURRENT_PROJECT_VERSION = 1;
				DEBUG_INFORMATION_FORMAT = dwarf;
				ENABLE_STRICT_OBJC_MSGSEND = YES;
				ENABLE_TESTABILITY = YES;
				GCC_C_LANGUAGE_STANDARD = gnu11;
				GCC_DYNAMIC_NO_PIC = NO;
				GCC_NO_COMMON_BLOCKS = YES;
				GCC_OPTIMIZATION_LEVEL = 0;
				GCC_PREPROCESSOR_DEFINITIONS = (
					"DEBUG=1",
					"$(inherited)",
				);
				GCC_WARN_64_TO_32_BIT_CONVERSION = YES;
				GCC_WARN_ABOUT_RETURN_TYPE = YES_ERROR;
				GCC_WARN_UNDECLARED_SELECTOR = YES;
				GCC_WARN_UNINITIALIZED_AUTOS = YES_AGGRESSIVE;
				GCC_WARN_UNUSED_FUNCTION = YES;
				GCC_WARN_UNUSED_VARIABLE = YES;
				IPHONEOS_DEPLOYMENT_TARGET = 11.0;
				MTL_ENABLE_DEBUG_INFO = INCLUDE_SOURCE;
				MTL_FAST_MATH = YES;
				ONLY_ACTIVE_ARCH = YES;
				SDKROOT = iphoneos;
				SUPPORTED_PLATFORMS = "iphonesimulator iphoneos appletvsimulator appletvos";
				SWIFT_ACTIVE_COMPILATION_CONDITIONS = DEBUG;
				SWIFT_OPTIMIZATION_LEVEL = "-Onone";
				TARGETED_DEVICE_FAMILY = "1,2,3";
				TVOS_DEPLOYMENT_TARGET = 11.0;
				VERSIONING_SYSTEM = "apple-generic";
				VERSION_INFO_PREFIX = "";
			};
			name = Debug;
		};
		2170714E25BB5BEB0052BACE /* Release */ = {
			isa = XCBuildConfiguration;
			buildSettings = {
				ALWAYS_SEARCH_USER_PATHS = NO;
				CLANG_ANALYZER_NONNULL = YES;
				CLANG_ANALYZER_NUMBER_OBJECT_CONVERSION = YES_AGGRESSIVE;
				CLANG_CXX_LANGUAGE_STANDARD = "gnu++14";
				CLANG_CXX_LIBRARY = "libc++";
				CLANG_ENABLE_MODULES = YES;
				CLANG_ENABLE_OBJC_ARC = YES;
				CLANG_ENABLE_OBJC_WEAK = YES;
				CLANG_WARN_BLOCK_CAPTURE_AUTORELEASING = YES;
				CLANG_WARN_BOOL_CONVERSION = YES;
				CLANG_WARN_COMMA = YES;
				CLANG_WARN_CONSTANT_CONVERSION = YES;
				CLANG_WARN_DEPRECATED_OBJC_IMPLEMENTATIONS = YES;
				CLANG_WARN_DIRECT_OBJC_ISA_USAGE = YES_ERROR;
				CLANG_WARN_DOCUMENTATION_COMMENTS = YES;
				CLANG_WARN_EMPTY_BODY = YES;
				CLANG_WARN_ENUM_CONVERSION = YES;
				CLANG_WARN_INFINITE_RECURSION = YES;
				CLANG_WARN_INT_CONVERSION = YES;
				CLANG_WARN_NON_LITERAL_NULL_CONVERSION = YES;
				CLANG_WARN_OBJC_IMPLICIT_RETAIN_SELF = YES;
				CLANG_WARN_OBJC_LITERAL_CONVERSION = YES;
				CLANG_WARN_OBJC_ROOT_CLASS = YES_ERROR;
				CLANG_WARN_QUOTED_INCLUDE_IN_FRAMEWORK_HEADER = YES;
				CLANG_WARN_RANGE_LOOP_ANALYSIS = YES;
				CLANG_WARN_STRICT_PROTOTYPES = YES;
				CLANG_WARN_SUSPICIOUS_MOVE = YES;
				CLANG_WARN_UNGUARDED_AVAILABILITY = YES_AGGRESSIVE;
				CLANG_WARN_UNREACHABLE_CODE = YES;
				CLANG_WARN__DUPLICATE_METHOD_MATCH = YES;
				COPY_PHASE_STRIP = NO;
				CURRENT_PROJECT_VERSION = 1;
				DEBUG_INFORMATION_FORMAT = "dwarf-with-dsym";
				ENABLE_NS_ASSERTIONS = NO;
				ENABLE_STRICT_OBJC_MSGSEND = YES;
				GCC_C_LANGUAGE_STANDARD = gnu11;
				GCC_NO_COMMON_BLOCKS = YES;
				GCC_WARN_64_TO_32_BIT_CONVERSION = YES;
				GCC_WARN_ABOUT_RETURN_TYPE = YES_ERROR;
				GCC_WARN_UNDECLARED_SELECTOR = YES;
				GCC_WARN_UNINITIALIZED_AUTOS = YES_AGGRESSIVE;
				GCC_WARN_UNUSED_FUNCTION = YES;
				GCC_WARN_UNUSED_VARIABLE = YES;
				IPHONEOS_DEPLOYMENT_TARGET = 11.0;
				MTL_ENABLE_DEBUG_INFO = NO;
				MTL_FAST_MATH = YES;
				SDKROOT = iphoneos;
				SUPPORTED_PLATFORMS = "iphonesimulator iphoneos appletvsimulator appletvos";
				SWIFT_COMPILATION_MODE = wholemodule;
				SWIFT_OPTIMIZATION_LEVEL = "-O";
				TARGETED_DEVICE_FAMILY = "1,2,3";
				TVOS_DEPLOYMENT_TARGET = 11.0;
				VALIDATE_PRODUCT = YES;
				VERSIONING_SYSTEM = "apple-generic";
				VERSION_INFO_PREFIX = "";
			};
			name = Release;
		};
		2170715025BB5BEB0052BACE /* Debug */ = {
			isa = XCBuildConfiguration;
			baseConfigurationReference = EC05CBFD61FB8FA7168BD55B /* Pods-AEPEdgeConsent.debug.xcconfig */;
			buildSettings = {
				BUILD_LIBRARY_FOR_DISTRIBUTION = YES;
				CLANG_ENABLE_MODULES = YES;
				CODE_SIGN_STYLE = Automatic;
				DEFINES_MODULE = YES;
				DYLIB_COMPATIBILITY_VERSION = 1;
				DYLIB_CURRENT_VERSION = 1;
				DYLIB_INSTALL_NAME_BASE = "@rpath";
				INFOPLIST_FILE = "$(SRCROOT)/Sources/Info.plist";
				INSTALL_PATH = "$(LOCAL_LIBRARY_DIR)/Frameworks";
				IPHONEOS_DEPLOYMENT_TARGET = 11.0;
				LD_RUNPATH_SEARCH_PATHS = (
					"$(inherited)",
					"@executable_path/Frameworks",
					"@loader_path/Frameworks",
				);
				MARKETING_VERSION = 2.0.0;
				PRODUCT_BUNDLE_IDENTIFIER = com.adobe.aep.edge.consent;
				PRODUCT_MODULE_NAME = AEPEdgeConsent;
				PRODUCT_NAME = "$(TARGET_NAME:c99extidentifier)";
				SKIP_INSTALL = YES;
				SUPPORTS_MACCATALYST = NO;
				SWIFT_OPTIMIZATION_LEVEL = "-Onone";
				SWIFT_VERSION = 5.0;
				TARGETED_DEVICE_FAMILY = "1,2";
				TVOS_DEPLOYMENT_TARGET = 11.0;
			};
			name = Debug;
		};
		2170715125BB5BEB0052BACE /* Release */ = {
			isa = XCBuildConfiguration;
			baseConfigurationReference = 45878FD7E61A518BDB6FDF73 /* Pods-AEPEdgeConsent.release.xcconfig */;
			buildSettings = {
				BUILD_LIBRARY_FOR_DISTRIBUTION = YES;
				CLANG_ENABLE_MODULES = YES;
				CODE_SIGN_STYLE = Automatic;
				DEFINES_MODULE = YES;
				DYLIB_COMPATIBILITY_VERSION = 1;
				DYLIB_CURRENT_VERSION = 1;
				DYLIB_INSTALL_NAME_BASE = "@rpath";
				INFOPLIST_FILE = "$(SRCROOT)/Sources/Info.plist";
				INSTALL_PATH = "$(LOCAL_LIBRARY_DIR)/Frameworks";
				IPHONEOS_DEPLOYMENT_TARGET = 11.0;
				LD_RUNPATH_SEARCH_PATHS = (
					"$(inherited)",
					"@executable_path/Frameworks",
					"@loader_path/Frameworks",
				);
				MARKETING_VERSION = 2.0.0;
				PRODUCT_BUNDLE_IDENTIFIER = com.adobe.aep.edge.consent;
				PRODUCT_MODULE_NAME = AEPEdgeConsent;
				PRODUCT_NAME = "$(TARGET_NAME:c99extidentifier)";
				SKIP_INSTALL = YES;
				SUPPORTS_MACCATALYST = NO;
				SWIFT_VERSION = 5.0;
				TARGETED_DEVICE_FAMILY = "1,2";
				TVOS_DEPLOYMENT_TARGET = 11.0;
			};
			name = Release;
		};
		2170715325BB5BEB0052BACE /* Debug */ = {
			isa = XCBuildConfiguration;
			baseConfigurationReference = 3F2C06AA47E441327CE220B2 /* Pods-UnitTests.debug.xcconfig */;
			buildSettings = {
				CODE_SIGN_STYLE = Automatic;
				INFOPLIST_FILE = Tests/UnitTests/Info.plist;
				IPHONEOS_DEPLOYMENT_TARGET = 11.0;
				LD_RUNPATH_SEARCH_PATHS = (
					"$(inherited)",
					"@executable_path/Frameworks",
					"@loader_path/Frameworks",
				);
				PRODUCT_BUNDLE_IDENTIFIER = com.adobe.aep.consent.AEPEdgeConsentTests;
				PRODUCT_NAME = "$(TARGET_NAME)";
				SUPPORTED_PLATFORMS = "appletvos appletvsimulator iphoneos iphonesimulator";
				SUPPORTS_MACCATALYST = NO;
				SUPPORTS_MAC_DESIGNED_FOR_IPHONE_IPAD = YES;
				SWIFT_VERSION = 5.0;
				TARGETED_DEVICE_FAMILY = "1,2,3";
				TVOS_DEPLOYMENT_TARGET = 11.0;
			};
			name = Debug;
		};
		2170715425BB5BEB0052BACE /* Release */ = {
			isa = XCBuildConfiguration;
			baseConfigurationReference = E6838869FDDCC44C082808CB /* Pods-UnitTests.release.xcconfig */;
			buildSettings = {
				CODE_SIGN_STYLE = Automatic;
				INFOPLIST_FILE = Tests/UnitTests/Info.plist;
				IPHONEOS_DEPLOYMENT_TARGET = 11.0;
				LD_RUNPATH_SEARCH_PATHS = (
					"$(inherited)",
					"@executable_path/Frameworks",
					"@loader_path/Frameworks",
				);
				PRODUCT_BUNDLE_IDENTIFIER = com.adobe.aep.consent.AEPEdgeConsentTests;
				PRODUCT_NAME = "$(TARGET_NAME)";
				SUPPORTED_PLATFORMS = "appletvos appletvsimulator iphoneos iphonesimulator";
				SUPPORTS_MACCATALYST = NO;
				SUPPORTS_MAC_DESIGNED_FOR_IPHONE_IPAD = YES;
				SWIFT_VERSION = 5.0;
				TARGETED_DEVICE_FAMILY = "1,2,3";
				TVOS_DEPLOYMENT_TARGET = 11.0;
			};
			name = Release;
		};
		2170716E25BB5CDD0052BACE /* Debug */ = {
			isa = XCBuildConfiguration;
			baseConfigurationReference = 7ECBCA4F43AC73B926953E4E /* Pods-FunctionalTests.debug.xcconfig */;
			buildSettings = {
				CODE_SIGN_STYLE = Automatic;
				INFOPLIST_FILE = Tests/FunctionalTests/Info.plist;
				IPHONEOS_DEPLOYMENT_TARGET = 11.0;
				LD_RUNPATH_SEARCH_PATHS = (
					"$(inherited)",
					"@executable_path/Frameworks",
					"@loader_path/Frameworks",
				);
				PRODUCT_BUNDLE_IDENTIFIER = com.adobe.aep.consent.FunctionalTests;
				PRODUCT_NAME = "$(TARGET_NAME)";
				SUPPORTED_PLATFORMS = "appletvos appletvsimulator iphoneos iphonesimulator";
				SUPPORTS_MACCATALYST = NO;
				SUPPORTS_MAC_DESIGNED_FOR_IPHONE_IPAD = YES;
				SWIFT_VERSION = 5.0;
				TARGETED_DEVICE_FAMILY = "1,2,3";
				TVOS_DEPLOYMENT_TARGET = 11.0;
			};
			name = Debug;
		};
		2170716F25BB5CDD0052BACE /* Release */ = {
			isa = XCBuildConfiguration;
			baseConfigurationReference = 7ED68BF4379164BAE4481EC0 /* Pods-FunctionalTests.release.xcconfig */;
			buildSettings = {
				CODE_SIGN_STYLE = Automatic;
				INFOPLIST_FILE = Tests/FunctionalTests/Info.plist;
				IPHONEOS_DEPLOYMENT_TARGET = 11.0;
				LD_RUNPATH_SEARCH_PATHS = (
					"$(inherited)",
					"@executable_path/Frameworks",
					"@loader_path/Frameworks",
				);
				PRODUCT_BUNDLE_IDENTIFIER = com.adobe.aep.consent.FunctionalTests;
				PRODUCT_NAME = "$(TARGET_NAME)";
				SUPPORTED_PLATFORMS = "appletvos appletvsimulator iphoneos iphonesimulator";
				SUPPORTS_MACCATALYST = NO;
				SUPPORTS_MAC_DESIGNED_FOR_IPHONE_IPAD = YES;
				SWIFT_VERSION = 5.0;
				TARGETED_DEVICE_FAMILY = "1,2,3";
				TVOS_DEPLOYMENT_TARGET = 11.0;
			};
			name = Release;
		};
		2170719E25BB60A20052BACE /* Debug */ = {
			isa = XCBuildConfiguration;
			buildSettings = {
				BUILD_LIBRARY_FOR_DISTRIBUTION = YES;
				CODE_SIGN_STYLE = Automatic;
				IPHONEOS_DEPLOYMENT_TARGET = 11.0;
				PRODUCT_NAME = "$(TARGET_NAME)";
			};
			name = Debug;
		};
		2170719F25BB60A20052BACE /* Release */ = {
			isa = XCBuildConfiguration;
			buildSettings = {
				BUILD_LIBRARY_FOR_DISTRIBUTION = YES;
				CODE_SIGN_STYLE = Automatic;
				IPHONEOS_DEPLOYMENT_TARGET = 11.0;
				PRODUCT_NAME = "$(TARGET_NAME)";
			};
			name = Release;
		};
		21D4BAB925E9724F00DD11AF /* Debug */ = {
			isa = XCBuildConfiguration;
			baseConfigurationReference = 738863F33045EA46348BDE5E /* Pods-TestApp.debug.xcconfig */;
			buildSettings = {
				ASSETCATALOG_COMPILER_APPICON_NAME = AppIcon;
				ASSETCATALOG_COMPILER_GLOBAL_ACCENT_COLOR_NAME = AccentColor;
				CODE_SIGN_STYLE = Automatic;
				DEVELOPMENT_ASSET_PATHS = "\"TestApp/Preview Content\"";
				ENABLE_PREVIEWS = YES;
				INFOPLIST_FILE = TestApp/Info.plist;
				IPHONEOS_DEPLOYMENT_TARGET = 13.0;
				LD_RUNPATH_SEARCH_PATHS = (
					"$(inherited)",
					"@executable_path/Frameworks",
				);
				PRODUCT_BUNDLE_IDENTIFIER = com.adobe.aep.consent.TestApp;
				PRODUCT_NAME = "$(TARGET_NAME)";
				SWIFT_VERSION = 5.0;
				TARGETED_DEVICE_FAMILY = "1,2";
				TVOS_DEPLOYMENT_TARGET = 13.0;
			};
			name = Debug;
		};
		21D4BABA25E9724F00DD11AF /* Release */ = {
			isa = XCBuildConfiguration;
			baseConfigurationReference = D9F79206F570267BDFB0B5E3 /* Pods-TestApp.release.xcconfig */;
			buildSettings = {
				ASSETCATALOG_COMPILER_APPICON_NAME = AppIcon;
				ASSETCATALOG_COMPILER_GLOBAL_ACCENT_COLOR_NAME = AccentColor;
				CODE_SIGN_STYLE = Automatic;
				DEVELOPMENT_ASSET_PATHS = "\"TestApp/Preview Content\"";
				ENABLE_PREVIEWS = YES;
				INFOPLIST_FILE = TestApp/Info.plist;
				IPHONEOS_DEPLOYMENT_TARGET = 13.0;
				LD_RUNPATH_SEARCH_PATHS = (
					"$(inherited)",
					"@executable_path/Frameworks",
				);
				PRODUCT_BUNDLE_IDENTIFIER = com.adobe.aep.consent.TestApp;
				PRODUCT_NAME = "$(TARGET_NAME)";
				SWIFT_VERSION = 5.0;
				TARGETED_DEVICE_FAMILY = "1,2";
				TVOS_DEPLOYMENT_TARGET = 13.0;
			};
			name = Release;
		};
		2EDF6193287CC84D007DCFCC /* Debug */ = {
			isa = XCBuildConfiguration;
			baseConfigurationReference = 74533D2EE7FC0D9DA23A96EF /* Pods-TestApptvOS.debug.xcconfig */;
			buildSettings = {
				ASSETCATALOG_COMPILER_APPICON_NAME = AppIcon;
				ASSETCATALOG_COMPILER_GLOBAL_ACCENT_COLOR_NAME = AccentColor;
				CODE_SIGN_STYLE = Automatic;
				DEVELOPMENT_ASSET_PATHS = "\"TestApp/Preview Content\"";
				ENABLE_PREVIEWS = YES;
				INFOPLIST_FILE = TestApp/Info.plist;
				IPHONEOS_DEPLOYMENT_TARGET = 13.0;
				LD_RUNPATH_SEARCH_PATHS = (
					"$(inherited)",
					"@executable_path/Frameworks",
				);
				PRODUCT_BUNDLE_IDENTIFIER = com.adobe.aep.consent.TestApp;
				PRODUCT_NAME = "$(TARGET_NAME)";
				SDKROOT = appletvos;
				SUPPORTED_PLATFORMS = "appletvsimulator appletvos";
				SWIFT_VERSION = 5.0;
				TARGETED_DEVICE_FAMILY = 3;
				TVOS_DEPLOYMENT_TARGET = 13.0;
			};
			name = Debug;
		};
		2EDF6194287CC84D007DCFCC /* Release */ = {
			isa = XCBuildConfiguration;
			baseConfigurationReference = 27A17A616D290052F8E830C3 /* Pods-TestApptvOS.release.xcconfig */;
			buildSettings = {
				ASSETCATALOG_COMPILER_APPICON_NAME = AppIcon;
				ASSETCATALOG_COMPILER_GLOBAL_ACCENT_COLOR_NAME = AccentColor;
				CODE_SIGN_STYLE = Automatic;
				DEVELOPMENT_ASSET_PATHS = "\"TestApp/Preview Content\"";
				ENABLE_PREVIEWS = YES;
				INFOPLIST_FILE = TestApp/Info.plist;
				IPHONEOS_DEPLOYMENT_TARGET = 13.0;
				LD_RUNPATH_SEARCH_PATHS = (
					"$(inherited)",
					"@executable_path/Frameworks",
				);
				PRODUCT_BUNDLE_IDENTIFIER = com.adobe.aep.consent.TestApp;
				PRODUCT_NAME = "$(TARGET_NAME)";
				SDKROOT = appletvos;
				SUPPORTED_PLATFORMS = "appletvsimulator appletvos";
				SWIFT_VERSION = 5.0;
				TARGETED_DEVICE_FAMILY = 3;
				TVOS_DEPLOYMENT_TARGET = 13.0;
			};
			name = Release;
		};
		B6F662422604B3C600BB6DD2 /* Debug */ = {
			isa = XCBuildConfiguration;
			baseConfigurationReference = 9C69F2AF6885615A9903E345 /* Pods-TestAppObjC.debug.xcconfig */;
			buildSettings = {
				ASSETCATALOG_COMPILER_APPICON_NAME = AppIcon;
				ASSETCATALOG_COMPILER_GLOBAL_ACCENT_COLOR_NAME = AccentColor;
				CODE_SIGN_STYLE = Automatic;
				DEVELOPMENT_TEAM = FKGEE875K4;
				INFOPLIST_FILE = TestAppObjc/Info.plist;
				IPHONEOS_DEPLOYMENT_TARGET = 11.0;
				LD_RUNPATH_SEARCH_PATHS = (
					"$(inherited)",
					"@executable_path/Frameworks",
				);
				PRODUCT_BUNDLE_IDENTIFIER = com.adobe.TestAppObjc;
				PRODUCT_NAME = "$(TARGET_NAME)";
				TARGETED_DEVICE_FAMILY = "1,2";
				TVOS_DEPLOYMENT_TARGET = 11.0;
			};
			name = Debug;
		};
		B6F662432604B3C600BB6DD2 /* Release */ = {
			isa = XCBuildConfiguration;
			baseConfigurationReference = E9D4F698303EA72F23B7E104 /* Pods-TestAppObjC.release.xcconfig */;
			buildSettings = {
				ASSETCATALOG_COMPILER_APPICON_NAME = AppIcon;
				ASSETCATALOG_COMPILER_GLOBAL_ACCENT_COLOR_NAME = AccentColor;
				CODE_SIGN_STYLE = Automatic;
				DEVELOPMENT_TEAM = FKGEE875K4;
				INFOPLIST_FILE = TestAppObjc/Info.plist;
				IPHONEOS_DEPLOYMENT_TARGET = 11.0;
				LD_RUNPATH_SEARCH_PATHS = (
					"$(inherited)",
					"@executable_path/Frameworks",
				);
				PRODUCT_BUNDLE_IDENTIFIER = com.adobe.TestAppObjc;
				PRODUCT_NAME = "$(TARGET_NAME)";
				TARGETED_DEVICE_FAMILY = "1,2";
				TVOS_DEPLOYMENT_TARGET = 11.0;
			};
			name = Release;
		};
/* End XCBuildConfiguration section */

/* Begin XCConfigurationList section */
		2170713525BB5BEA0052BACE /* Build configuration list for PBXProject "AEPEdgeConsent" */ = {
			isa = XCConfigurationList;
			buildConfigurations = (
				2170714D25BB5BEB0052BACE /* Debug */,
				2170714E25BB5BEB0052BACE /* Release */,
			);
			defaultConfigurationIsVisible = 0;
			defaultConfigurationName = Release;
		};
		2170714F25BB5BEB0052BACE /* Build configuration list for PBXNativeTarget "AEPEdgeConsent" */ = {
			isa = XCConfigurationList;
			buildConfigurations = (
				2170715025BB5BEB0052BACE /* Debug */,
				2170715125BB5BEB0052BACE /* Release */,
			);
			defaultConfigurationIsVisible = 0;
			defaultConfigurationName = Release;
		};
		2170715225BB5BEB0052BACE /* Build configuration list for PBXNativeTarget "UnitTests" */ = {
			isa = XCConfigurationList;
			buildConfigurations = (
				2170715325BB5BEB0052BACE /* Debug */,
				2170715425BB5BEB0052BACE /* Release */,
			);
			defaultConfigurationIsVisible = 0;
			defaultConfigurationName = Release;
		};
		2170716D25BB5CDD0052BACE /* Build configuration list for PBXNativeTarget "FunctionalTests" */ = {
			isa = XCConfigurationList;
			buildConfigurations = (
				2170716E25BB5CDD0052BACE /* Debug */,
				2170716F25BB5CDD0052BACE /* Release */,
			);
			defaultConfigurationIsVisible = 0;
			defaultConfigurationName = Release;
		};
		2170719D25BB60A20052BACE /* Build configuration list for PBXAggregateTarget "AEPEdgeConsentXCF" */ = {
			isa = XCConfigurationList;
			buildConfigurations = (
				2170719E25BB60A20052BACE /* Debug */,
				2170719F25BB60A20052BACE /* Release */,
			);
			defaultConfigurationIsVisible = 0;
			defaultConfigurationName = Release;
		};
		21D4BABB25E9724F00DD11AF /* Build configuration list for PBXNativeTarget "TestApp" */ = {
			isa = XCConfigurationList;
			buildConfigurations = (
				21D4BAB925E9724F00DD11AF /* Debug */,
				21D4BABA25E9724F00DD11AF /* Release */,
			);
			defaultConfigurationIsVisible = 0;
			defaultConfigurationName = Release;
		};
		2EDF6192287CC84D007DCFCC /* Build configuration list for PBXNativeTarget "TestApptvOS" */ = {
			isa = XCConfigurationList;
			buildConfigurations = (
				2EDF6193287CC84D007DCFCC /* Debug */,
				2EDF6194287CC84D007DCFCC /* Release */,
			);
			defaultConfigurationIsVisible = 0;
			defaultConfigurationName = Release;
		};
		B6F662442604B3C600BB6DD2 /* Build configuration list for PBXNativeTarget "TestAppObjC" */ = {
			isa = XCConfigurationList;
			buildConfigurations = (
				B6F662422604B3C600BB6DD2 /* Debug */,
				B6F662432604B3C600BB6DD2 /* Release */,
			);
			defaultConfigurationIsVisible = 0;
			defaultConfigurationName = Release;
		};
/* End XCConfigurationList section */
	};
	rootObject = 2170713225BB5BEA0052BACE /* Project object */;
}
