// !$*UTF8*$!
{
	archiveVersion = 1;
	classes = {
	};
	objectVersion = 51;
	objects = {

/* Begin PBXAggregateTarget section */
		2170719C25BB60A20052BACE /* AEPEdgeConsentXCF */ = {
			isa = PBXAggregateTarget;
			buildConfigurationList = 2170719D25BB60A20052BACE /* Build configuration list for PBXAggregateTarget "AEPEdgeConsentXCF" */;
			buildPhases = (
			);
			dependencies = (
				217071A525BB60E20052BACE /* PBXTargetDependency */,
			);
			name = AEPEdgeConsentXCF;
			productName = AEPConsentXCF;
		};
/* End PBXAggregateTarget section */

/* Begin PBXBuildFile section */
		212C60CD25E570CC00CCECF9 /* Date+ISO8601.swift in Sources */ = {isa = PBXBuildFile; fileRef = 21D0F20B25C1EA410091FFBD /* Date+ISO8601.swift */; };
		2158820925E57C4C005B830B /* Dictionary+Flatten.swift in Sources */ = {isa = PBXBuildFile; fileRef = 2158820825E57C4C005B830B /* Dictionary+Flatten.swift */; };
		2158821225E5A729005B830B /* Dictionary+Flatten.swift in Sources */ = {isa = PBXBuildFile; fileRef = 2158820825E57C4C005B830B /* Dictionary+Flatten.swift */; };
		21639FCC25E70FCA000D95E5 /* MockDataStore.swift in Sources */ = {isa = PBXBuildFile; fileRef = 21639FCB25E70FCA000D95E5 /* MockDataStore.swift */; };
		2170714525BB5BEB0052BACE /* AEPEdgeConsent.framework in Frameworks */ = {isa = PBXBuildFile; fileRef = 2170713B25BB5BEA0052BACE /* AEPEdgeConsent.framework */; };
		2170714C25BB5BEB0052BACE /* AEPEdgeConsent.h in Headers */ = {isa = PBXBuildFile; fileRef = 2170713E25BB5BEA0052BACE /* AEPEdgeConsent.h */; settings = {ATTRIBUTES = (Public, ); }; };
		2170716825BB5CDC0052BACE /* ConsentFunctionalTests.swift in Sources */ = {isa = PBXBuildFile; fileRef = 2170716725BB5CDC0052BACE /* ConsentFunctionalTests.swift */; };
		2170716A25BB5CDC0052BACE /* AEPEdgeConsent.framework in Frameworks */ = {isa = PBXBuildFile; fileRef = 2170713B25BB5BEA0052BACE /* AEPEdgeConsent.framework */; };
		2170719125BB5F1A0052BACE /* Consent.swift in Sources */ = {isa = PBXBuildFile; fileRef = 2170719025BB5F1A0052BACE /* Consent.swift */; };
		2170719825BB5F9B0052BACE /* ConsentConstants.swift in Sources */ = {isa = PBXBuildFile; fileRef = 2170719725BB5F9B0052BACE /* ConsentConstants.swift */; };
		217219E325CC9CDE00639914 /* Consent+PublicAPI.swift in Sources */ = {isa = PBXBuildFile; fileRef = 217219E225CC9CDE00639914 /* Consent+PublicAPI.swift */; };
		21A9E2A525D1E9690089690E /* ConsentPublicAPITests.swift in Sources */ = {isa = PBXBuildFile; fileRef = 21A9E2A425D1E9690089690E /* ConsentPublicAPITests.swift */; };
		21A9E2AB25D1ED910089690E /* EventHub+Testable.swift in Sources */ = {isa = PBXBuildFile; fileRef = 21A9E2AA25D1ED910089690E /* EventHub+Testable.swift */; };
		21A9E2B125D1EDB10089690E /* MockExtension.swift in Sources */ = {isa = PBXBuildFile; fileRef = 21A9E2B025D1EDB10089690E /* MockExtension.swift */; };
		21C095B325BB9060006C1CFE /* ConsentPreferences.swift in Sources */ = {isa = PBXBuildFile; fileRef = 21C095B225BB9060006C1CFE /* ConsentPreferences.swift */; };
		21C095B925BB906A006C1CFE /* ConsentPreferencesManager.swift in Sources */ = {isa = PBXBuildFile; fileRef = 21C095B825BB906A006C1CFE /* ConsentPreferencesManager.swift */; };
		21C0960825BF3429006C1CFE /* ConsentPreferencesTests.swift in Sources */ = {isa = PBXBuildFile; fileRef = 21C0960725BF3429006C1CFE /* ConsentPreferencesTests.swift */; };
		21C0963325BF4928006C1CFE /* ConsentPreferencesManagerTests.swift in Sources */ = {isa = PBXBuildFile; fileRef = 21C0963225BF4928006C1CFE /* ConsentPreferencesManagerTests.swift */; };
		21C0964725BF4A21006C1CFE /* MockDataStore.swift in Sources */ = {isa = PBXBuildFile; fileRef = 21C0963925BF49D4006C1CFE /* MockDataStore.swift */; };
		21D4BAAB25E9724E00DD11AF /* AppDelegate.swift in Sources */ = {isa = PBXBuildFile; fileRef = 21D4BAAA25E9724E00DD11AF /* AppDelegate.swift */; };
		21D4BAAD25E9724F00DD11AF /* SceneDelegate.swift in Sources */ = {isa = PBXBuildFile; fileRef = 21D4BAAC25E9724F00DD11AF /* SceneDelegate.swift */; };
		21D4BAAF25E9724F00DD11AF /* ContentView.swift in Sources */ = {isa = PBXBuildFile; fileRef = 21D4BAAE25E9724F00DD11AF /* ContentView.swift */; };
		21D4BAB125E9724F00DD11AF /* Assets.xcassets in Resources */ = {isa = PBXBuildFile; fileRef = 21D4BAB025E9724F00DD11AF /* Assets.xcassets */; };
		21D4BAB425E9724F00DD11AF /* Preview Assets.xcassets in Resources */ = {isa = PBXBuildFile; fileRef = 21D4BAB325E9724F00DD11AF /* Preview Assets.xcassets */; };
		21D4BAB725E9724F00DD11AF /* LaunchScreen.storyboard in Resources */ = {isa = PBXBuildFile; fileRef = 21D4BAB525E9724F00DD11AF /* LaunchScreen.storyboard */; };
		21E80A3125BF6EAD00011C18 /* TestableExtensionRuntime.swift in Sources */ = {isa = PBXBuildFile; fileRef = 21E80A3025BF6EAD00011C18 /* TestableExtensionRuntime.swift */; };
		5315EB7C6D2C36C7CC1E3730 /* Pods_TestAppObjc.framework in Frameworks */ = {isa = PBXBuildFile; fileRef = FCBAC6830BB47181AFA3767F /* Pods_TestAppObjc.framework */; };
		6B037380F86CE0CDCC61F52D /* Pods_TestApp.framework in Frameworks */ = {isa = PBXBuildFile; fileRef = 6F2844EEEE0F43EC8C3402F6 /* Pods_TestApp.framework */; };
		A76DB87DF38557D301FE8FFB /* Pods_AEPEdgeConsent.framework in Frameworks */ = {isa = PBXBuildFile; fileRef = 9F2BA9980B1427F6F3090E65 /* Pods_AEPEdgeConsent.framework */; };
		B6F662302604B3C600BB6DD2 /* AppDelegate.m in Sources */ = {isa = PBXBuildFile; fileRef = B6F6622F2604B3C600BB6DD2 /* AppDelegate.m */; };
		B6F662362604B3C600BB6DD2 /* ViewController.m in Sources */ = {isa = PBXBuildFile; fileRef = B6F662352604B3C600BB6DD2 /* ViewController.m */; };
		B6F662392604B3C600BB6DD2 /* Main.storyboard in Resources */ = {isa = PBXBuildFile; fileRef = B6F662372604B3C600BB6DD2 /* Main.storyboard */; };
		B6F6623B2604B3C600BB6DD2 /* Assets.xcassets in Resources */ = {isa = PBXBuildFile; fileRef = B6F6623A2604B3C600BB6DD2 /* Assets.xcassets */; };
		B6F6623E2604B3C600BB6DD2 /* LaunchScreen.storyboard in Resources */ = {isa = PBXBuildFile; fileRef = B6F6623C2604B3C600BB6DD2 /* LaunchScreen.storyboard */; };
		B6F662412604B3C600BB6DD2 /* main.m in Sources */ = {isa = PBXBuildFile; fileRef = B6F662402604B3C600BB6DD2 /* main.m */; };
		B6F6627A2604B8E400BB6DD2 /* SceneDelegate.m in Sources */ = {isa = PBXBuildFile; fileRef = B6F662792604B8E400BB6DD2 /* SceneDelegate.m */; };
		D31B97D4D03E8FC4C48ACE7C /* Pods_UnitTests.framework in Frameworks */ = {isa = PBXBuildFile; fileRef = 067A0FE95E92A8DBB660F113 /* Pods_UnitTests.framework */; };
		E79F67AB7413663981CF93AC /* Pods_FunctionalTests.framework in Frameworks */ = {isa = PBXBuildFile; fileRef = 28D5C062DDFEA9266F94C735 /* Pods_FunctionalTests.framework */; };
/* End PBXBuildFile section */

/* Begin PBXContainerItemProxy section */
		2170714625BB5BEB0052BACE /* PBXContainerItemProxy */ = {
			isa = PBXContainerItemProxy;
			containerPortal = 2170713225BB5BEA0052BACE /* Project object */;
			proxyType = 1;
			remoteGlobalIDString = 2170713A25BB5BEA0052BACE;
			remoteInfo = AEPConsent;
		};
		2170716B25BB5CDD0052BACE /* PBXContainerItemProxy */ = {
			isa = PBXContainerItemProxy;
			containerPortal = 2170713225BB5BEA0052BACE /* Project object */;
			proxyType = 1;
			remoteGlobalIDString = 2170713A25BB5BEA0052BACE;
			remoteInfo = AEPConsent;
		};
		217071A425BB60E20052BACE /* PBXContainerItemProxy */ = {
			isa = PBXContainerItemProxy;
			containerPortal = 2170713225BB5BEA0052BACE /* Project object */;
			proxyType = 1;
			remoteGlobalIDString = 2170713A25BB5BEA0052BACE;
			remoteInfo = AEPConsent;
		};
		21D4BADD25E9766B00DD11AF /* PBXContainerItemProxy */ = {
			isa = PBXContainerItemProxy;
			containerPortal = 2170713225BB5BEA0052BACE /* Project object */;
			proxyType = 1;
			remoteGlobalIDString = 2170713A25BB5BEA0052BACE;
			remoteInfo = AEPConsent;
		};
		B6F662642604B86500BB6DD2 /* PBXContainerItemProxy */ = {
			isa = PBXContainerItemProxy;
			containerPortal = 2170713225BB5BEA0052BACE /* Project object */;
			proxyType = 1;
			remoteGlobalIDString = 2170713A25BB5BEA0052BACE;
			remoteInfo = AEPEdgeConsent;
		};
/* End PBXContainerItemProxy section */

/* Begin PBXFileReference section */
		067A0FE95E92A8DBB660F113 /* Pods_UnitTests.framework */ = {isa = PBXFileReference; explicitFileType = wrapper.framework; includeInIndex = 0; path = Pods_UnitTests.framework; sourceTree = BUILT_PRODUCTS_DIR; };
		0727261FE0B261DEDF99E120 /* Pods-FunctionalTests.debug.xcconfig */ = {isa = PBXFileReference; includeInIndex = 1; lastKnownFileType = text.xcconfig; name = "Pods-FunctionalTests.debug.xcconfig"; path = "Target Support Files/Pods-FunctionalTests/Pods-FunctionalTests.debug.xcconfig"; sourceTree = "<group>"; };
		07A368AC71EC6ABD9B7C7EA5 /* Pods-AEPConsentTestApp.release.xcconfig */ = {isa = PBXFileReference; includeInIndex = 1; lastKnownFileType = text.xcconfig; name = "Pods-AEPConsentTestApp.release.xcconfig"; path = "Target Support Files/Pods-AEPConsentTestApp/Pods-AEPConsentTestApp.release.xcconfig"; sourceTree = "<group>"; };
		2158820825E57C4C005B830B /* Dictionary+Flatten.swift */ = {isa = PBXFileReference; lastKnownFileType = sourcecode.swift; path = "Dictionary+Flatten.swift"; sourceTree = "<group>"; };
		21639FCB25E70FCA000D95E5 /* MockDataStore.swift */ = {isa = PBXFileReference; lastKnownFileType = sourcecode.swift; path = MockDataStore.swift; sourceTree = "<group>"; };
		2170713B25BB5BEA0052BACE /* AEPEdgeConsent.framework */ = {isa = PBXFileReference; explicitFileType = wrapper.framework; includeInIndex = 0; path = AEPEdgeConsent.framework; sourceTree = BUILT_PRODUCTS_DIR; };
		2170713E25BB5BEA0052BACE /* AEPEdgeConsent.h */ = {isa = PBXFileReference; lastKnownFileType = sourcecode.c.h; path = AEPEdgeConsent.h; sourceTree = "<group>"; };
		2170713F25BB5BEA0052BACE /* Info.plist */ = {isa = PBXFileReference; lastKnownFileType = text.plist.xml; path = Info.plist; sourceTree = "<group>"; };
		2170714425BB5BEB0052BACE /* UnitTests.xctest */ = {isa = PBXFileReference; explicitFileType = wrapper.cfbundle; includeInIndex = 0; path = UnitTests.xctest; sourceTree = BUILT_PRODUCTS_DIR; };
		2170714B25BB5BEB0052BACE /* Info.plist */ = {isa = PBXFileReference; lastKnownFileType = text.plist.xml; path = Info.plist; sourceTree = "<group>"; };
		2170716525BB5CDC0052BACE /* FunctionalTests.xctest */ = {isa = PBXFileReference; explicitFileType = wrapper.cfbundle; includeInIndex = 0; path = FunctionalTests.xctest; sourceTree = BUILT_PRODUCTS_DIR; };
		2170716725BB5CDC0052BACE /* ConsentFunctionalTests.swift */ = {isa = PBXFileReference; lastKnownFileType = sourcecode.swift; path = ConsentFunctionalTests.swift; sourceTree = "<group>"; };
		2170716925BB5CDC0052BACE /* Info.plist */ = {isa = PBXFileReference; lastKnownFileType = text.plist.xml; path = Info.plist; sourceTree = "<group>"; };
		2170719025BB5F1A0052BACE /* Consent.swift */ = {isa = PBXFileReference; lastKnownFileType = sourcecode.swift; path = Consent.swift; sourceTree = "<group>"; };
		2170719725BB5F9B0052BACE /* ConsentConstants.swift */ = {isa = PBXFileReference; lastKnownFileType = sourcecode.swift; path = ConsentConstants.swift; sourceTree = "<group>"; };
		217219E225CC9CDE00639914 /* Consent+PublicAPI.swift */ = {isa = PBXFileReference; lastKnownFileType = sourcecode.swift; path = "Consent+PublicAPI.swift"; sourceTree = "<group>"; };
		21A9E2A425D1E9690089690E /* ConsentPublicAPITests.swift */ = {isa = PBXFileReference; lastKnownFileType = sourcecode.swift; path = ConsentPublicAPITests.swift; sourceTree = "<group>"; };
		21A9E2AA25D1ED910089690E /* EventHub+Testable.swift */ = {isa = PBXFileReference; lastKnownFileType = sourcecode.swift; path = "EventHub+Testable.swift"; sourceTree = "<group>"; };
		21A9E2B025D1EDB10089690E /* MockExtension.swift */ = {isa = PBXFileReference; lastKnownFileType = sourcecode.swift; path = MockExtension.swift; sourceTree = "<group>"; };
		21C095B225BB9060006C1CFE /* ConsentPreferences.swift */ = {isa = PBXFileReference; lastKnownFileType = sourcecode.swift; path = ConsentPreferences.swift; sourceTree = "<group>"; };
		21C095B825BB906A006C1CFE /* ConsentPreferencesManager.swift */ = {isa = PBXFileReference; lastKnownFileType = sourcecode.swift; path = ConsentPreferencesManager.swift; sourceTree = "<group>"; };
		21C0960725BF3429006C1CFE /* ConsentPreferencesTests.swift */ = {isa = PBXFileReference; lastKnownFileType = sourcecode.swift; path = ConsentPreferencesTests.swift; sourceTree = "<group>"; };
		21C0963225BF4928006C1CFE /* ConsentPreferencesManagerTests.swift */ = {isa = PBXFileReference; lastKnownFileType = sourcecode.swift; path = ConsentPreferencesManagerTests.swift; sourceTree = "<group>"; };
		21C0963925BF49D4006C1CFE /* MockDataStore.swift */ = {isa = PBXFileReference; lastKnownFileType = sourcecode.swift; path = MockDataStore.swift; sourceTree = "<group>"; };
		21D0F20B25C1EA410091FFBD /* Date+ISO8601.swift */ = {isa = PBXFileReference; lastKnownFileType = sourcecode.swift; path = "Date+ISO8601.swift"; sourceTree = "<group>"; };
		21D4BAA825E9724E00DD11AF /* TestApp.app */ = {isa = PBXFileReference; explicitFileType = wrapper.application; includeInIndex = 0; path = TestApp.app; sourceTree = BUILT_PRODUCTS_DIR; };
		21D4BAAA25E9724E00DD11AF /* AppDelegate.swift */ = {isa = PBXFileReference; lastKnownFileType = sourcecode.swift; path = AppDelegate.swift; sourceTree = "<group>"; };
		21D4BAAC25E9724F00DD11AF /* SceneDelegate.swift */ = {isa = PBXFileReference; lastKnownFileType = sourcecode.swift; path = SceneDelegate.swift; sourceTree = "<group>"; };
		21D4BAAE25E9724F00DD11AF /* ContentView.swift */ = {isa = PBXFileReference; lastKnownFileType = sourcecode.swift; path = ContentView.swift; sourceTree = "<group>"; };
		21D4BAB025E9724F00DD11AF /* Assets.xcassets */ = {isa = PBXFileReference; lastKnownFileType = folder.assetcatalog; path = Assets.xcassets; sourceTree = "<group>"; };
		21D4BAB325E9724F00DD11AF /* Preview Assets.xcassets */ = {isa = PBXFileReference; lastKnownFileType = folder.assetcatalog; path = "Preview Assets.xcassets"; sourceTree = "<group>"; };
		21D4BAB625E9724F00DD11AF /* Base */ = {isa = PBXFileReference; lastKnownFileType = file.storyboard; name = Base; path = Base.lproj/LaunchScreen.storyboard; sourceTree = "<group>"; };
		21D4BAB825E9724F00DD11AF /* Info.plist */ = {isa = PBXFileReference; lastKnownFileType = text.plist.xml; path = Info.plist; sourceTree = "<group>"; };
		21E80A3025BF6EAD00011C18 /* TestableExtensionRuntime.swift */ = {isa = PBXFileReference; lastKnownFileType = sourcecode.swift; path = TestableExtensionRuntime.swift; sourceTree = "<group>"; };
		289C6872756ECECA7D6D8D9D /* Pods-UnitTests.debug.xcconfig */ = {isa = PBXFileReference; includeInIndex = 1; lastKnownFileType = text.xcconfig; name = "Pods-UnitTests.debug.xcconfig"; path = "Target Support Files/Pods-UnitTests/Pods-UnitTests.debug.xcconfig"; sourceTree = "<group>"; };
		28D5C062DDFEA9266F94C735 /* Pods_FunctionalTests.framework */ = {isa = PBXFileReference; explicitFileType = wrapper.framework; includeInIndex = 0; path = Pods_FunctionalTests.framework; sourceTree = BUILT_PRODUCTS_DIR; };
		4264AE6C14EE17A5E3331965 /* Pods-TestApp.debug.xcconfig */ = {isa = PBXFileReference; includeInIndex = 1; lastKnownFileType = text.xcconfig; name = "Pods-TestApp.debug.xcconfig"; path = "Target Support Files/Pods-TestApp/Pods-TestApp.debug.xcconfig"; sourceTree = "<group>"; };
		62795EC2D00BF03568DE0BF6 /* Pods-AEPConsentTestApp.debug.xcconfig */ = {isa = PBXFileReference; includeInIndex = 1; lastKnownFileType = text.xcconfig; name = "Pods-AEPConsentTestApp.debug.xcconfig"; path = "Target Support Files/Pods-AEPConsentTestApp/Pods-AEPConsentTestApp.debug.xcconfig"; sourceTree = "<group>"; };
		67A9E8CF346C499B1627877D /* Pods-TestApp.release.xcconfig */ = {isa = PBXFileReference; includeInIndex = 1; lastKnownFileType = text.xcconfig; name = "Pods-TestApp.release.xcconfig"; path = "Target Support Files/Pods-TestApp/Pods-TestApp.release.xcconfig"; sourceTree = "<group>"; };
		6F2844EEEE0F43EC8C3402F6 /* Pods_TestApp.framework */ = {isa = PBXFileReference; explicitFileType = wrapper.framework; includeInIndex = 0; path = Pods_TestApp.framework; sourceTree = BUILT_PRODUCTS_DIR; };
		92DB1E0C3563831104A5EC54 /* Pods-TestAppObjc.release.xcconfig */ = {isa = PBXFileReference; includeInIndex = 1; lastKnownFileType = text.xcconfig; name = "Pods-TestAppObjc.release.xcconfig"; path = "Target Support Files/Pods-TestAppObjc/Pods-TestAppObjc.release.xcconfig"; sourceTree = "<group>"; };
		9F2BA9980B1427F6F3090E65 /* Pods_AEPEdgeConsent.framework */ = {isa = PBXFileReference; explicitFileType = wrapper.framework; includeInIndex = 0; path = Pods_AEPEdgeConsent.framework; sourceTree = BUILT_PRODUCTS_DIR; };
		B1F5689382A831549A58FF19 /* Pods-UnitTests.release.xcconfig */ = {isa = PBXFileReference; includeInIndex = 1; lastKnownFileType = text.xcconfig; name = "Pods-UnitTests.release.xcconfig"; path = "Target Support Files/Pods-UnitTests/Pods-UnitTests.release.xcconfig"; sourceTree = "<group>"; };
		B6E68F3AF3B6638165648996 /* Pods-TestAppObjc.debug.xcconfig */ = {isa = PBXFileReference; includeInIndex = 1; lastKnownFileType = text.xcconfig; name = "Pods-TestAppObjc.debug.xcconfig"; path = "Target Support Files/Pods-TestAppObjc/Pods-TestAppObjc.debug.xcconfig"; sourceTree = "<group>"; };
		B6F6622C2604B3C600BB6DD2 /* TestAppObjc.app */ = {isa = PBXFileReference; explicitFileType = wrapper.application; includeInIndex = 0; path = TestAppObjc.app; sourceTree = BUILT_PRODUCTS_DIR; };
		B6F6622E2604B3C600BB6DD2 /* AppDelegate.h */ = {isa = PBXFileReference; lastKnownFileType = sourcecode.c.h; path = AppDelegate.h; sourceTree = "<group>"; };
		B6F6622F2604B3C600BB6DD2 /* AppDelegate.m */ = {isa = PBXFileReference; lastKnownFileType = sourcecode.c.objc; path = AppDelegate.m; sourceTree = "<group>"; };
		B6F662342604B3C600BB6DD2 /* ViewController.h */ = {isa = PBXFileReference; lastKnownFileType = sourcecode.c.h; path = ViewController.h; sourceTree = "<group>"; };
		B6F662352604B3C600BB6DD2 /* ViewController.m */ = {isa = PBXFileReference; lastKnownFileType = sourcecode.c.objc; path = ViewController.m; sourceTree = "<group>"; };
		B6F662382604B3C600BB6DD2 /* Base */ = {isa = PBXFileReference; lastKnownFileType = file.storyboard; name = Base; path = Base.lproj/Main.storyboard; sourceTree = "<group>"; };
		B6F6623A2604B3C600BB6DD2 /* Assets.xcassets */ = {isa = PBXFileReference; lastKnownFileType = folder.assetcatalog; path = Assets.xcassets; sourceTree = "<group>"; };
		B6F6623D2604B3C600BB6DD2 /* Base */ = {isa = PBXFileReference; lastKnownFileType = file.storyboard; name = Base; path = Base.lproj/LaunchScreen.storyboard; sourceTree = "<group>"; };
		B6F6623F2604B3C600BB6DD2 /* Info.plist */ = {isa = PBXFileReference; lastKnownFileType = text.plist.xml; path = Info.plist; sourceTree = "<group>"; };
		B6F662402604B3C600BB6DD2 /* main.m */ = {isa = PBXFileReference; lastKnownFileType = sourcecode.c.objc; path = main.m; sourceTree = "<group>"; };
		B6F662782604B8E400BB6DD2 /* SceneDelegate.h */ = {isa = PBXFileReference; fileEncoding = 4; lastKnownFileType = sourcecode.c.h; path = SceneDelegate.h; sourceTree = "<group>"; };
		B6F662792604B8E400BB6DD2 /* SceneDelegate.m */ = {isa = PBXFileReference; fileEncoding = 4; lastKnownFileType = sourcecode.c.objc; path = SceneDelegate.m; sourceTree = "<group>"; };
		CCC35D13FA6B8B9627895DDD /* Pods-AEPConsent.debug.xcconfig */ = {isa = PBXFileReference; includeInIndex = 1; lastKnownFileType = text.xcconfig; name = "Pods-AEPConsent.debug.xcconfig"; path = "Target Support Files/Pods-AEPConsent/Pods-AEPConsent.debug.xcconfig"; sourceTree = "<group>"; };
		D2EDAF787EB8FEB8083A1651 /* Pods-AEPEdgeConsent.debug.xcconfig */ = {isa = PBXFileReference; includeInIndex = 1; lastKnownFileType = text.xcconfig; name = "Pods-AEPEdgeConsent.debug.xcconfig"; path = "Target Support Files/Pods-AEPEdgeConsent/Pods-AEPEdgeConsent.debug.xcconfig"; sourceTree = "<group>"; };
		DFFF1D550E9043E23668437A /* Pods-FunctionalTests.release.xcconfig */ = {isa = PBXFileReference; includeInIndex = 1; lastKnownFileType = text.xcconfig; name = "Pods-FunctionalTests.release.xcconfig"; path = "Target Support Files/Pods-FunctionalTests/Pods-FunctionalTests.release.xcconfig"; sourceTree = "<group>"; };
		EE24E02FBBC34F250A39C88B /* Pods-AEPConsent.release.xcconfig */ = {isa = PBXFileReference; includeInIndex = 1; lastKnownFileType = text.xcconfig; name = "Pods-AEPConsent.release.xcconfig"; path = "Target Support Files/Pods-AEPConsent/Pods-AEPConsent.release.xcconfig"; sourceTree = "<group>"; };
		F794546E9F057BC8D14036AA /* Pods-AEPEdgeConsent.release.xcconfig */ = {isa = PBXFileReference; includeInIndex = 1; lastKnownFileType = text.xcconfig; name = "Pods-AEPEdgeConsent.release.xcconfig"; path = "Target Support Files/Pods-AEPEdgeConsent/Pods-AEPEdgeConsent.release.xcconfig"; sourceTree = "<group>"; };
		FCBAC6830BB47181AFA3767F /* Pods_TestAppObjc.framework */ = {isa = PBXFileReference; explicitFileType = wrapper.framework; includeInIndex = 0; path = Pods_TestAppObjc.framework; sourceTree = BUILT_PRODUCTS_DIR; };
/* End PBXFileReference section */

/* Begin PBXFrameworksBuildPhase section */
		2170713825BB5BEA0052BACE /* Frameworks */ = {
			isa = PBXFrameworksBuildPhase;
			buildActionMask = 2147483647;
			files = (
				A76DB87DF38557D301FE8FFB /* Pods_AEPEdgeConsent.framework in Frameworks */,
			);
			runOnlyForDeploymentPostprocessing = 0;
		};
		2170714125BB5BEB0052BACE /* Frameworks */ = {
			isa = PBXFrameworksBuildPhase;
			buildActionMask = 2147483647;
			files = (
				2170714525BB5BEB0052BACE /* AEPEdgeConsent.framework in Frameworks */,
				D31B97D4D03E8FC4C48ACE7C /* Pods_UnitTests.framework in Frameworks */,
			);
			runOnlyForDeploymentPostprocessing = 0;
		};
		2170716225BB5CDC0052BACE /* Frameworks */ = {
			isa = PBXFrameworksBuildPhase;
			buildActionMask = 2147483647;
			files = (
				2170716A25BB5CDC0052BACE /* AEPEdgeConsent.framework in Frameworks */,
				E79F67AB7413663981CF93AC /* Pods_FunctionalTests.framework in Frameworks */,
			);
			runOnlyForDeploymentPostprocessing = 0;
		};
		21D4BAA525E9724E00DD11AF /* Frameworks */ = {
			isa = PBXFrameworksBuildPhase;
			buildActionMask = 2147483647;
			files = (
				6B037380F86CE0CDCC61F52D /* Pods_TestApp.framework in Frameworks */,
			);
			runOnlyForDeploymentPostprocessing = 0;
		};
		B6F662292604B3C600BB6DD2 /* Frameworks */ = {
			isa = PBXFrameworksBuildPhase;
			buildActionMask = 2147483647;
			files = (
				5315EB7C6D2C36C7CC1E3730 /* Pods_TestAppObjc.framework in Frameworks */,
			);
			runOnlyForDeploymentPostprocessing = 0;
		};
/* End PBXFrameworksBuildPhase section */

/* Begin PBXGroup section */
		2170713125BB5BEA0052BACE = {
			isa = PBXGroup;
			children = (
				2170713D25BB5BEA0052BACE /* Sources */,
				2170714825BB5BEB0052BACE /* UnitTests */,
				2170716625BB5CDC0052BACE /* FunctionalTests */,
				21D4BAA925E9724E00DD11AF /* TestApp */,
				B6F6622D2604B3C600BB6DD2 /* TestAppObjc */,
				2170713C25BB5BEA0052BACE /* Products */,
				B82A3AA7E7C85EC910C031D0 /* Pods */,
				E687966F0979FCD2463265A7 /* Frameworks */,
			);
			sourceTree = "<group>";
		};
		2170713C25BB5BEA0052BACE /* Products */ = {
			isa = PBXGroup;
			children = (
				2170713B25BB5BEA0052BACE /* AEPEdgeConsent.framework */,
				2170714425BB5BEB0052BACE /* UnitTests.xctest */,
				2170716525BB5CDC0052BACE /* FunctionalTests.xctest */,
				21D4BAA825E9724E00DD11AF /* TestApp.app */,
				B6F6622C2604B3C600BB6DD2 /* TestAppObjc.app */,
			);
			name = Products;
			sourceTree = "<group>";
		};
		2170713D25BB5BEA0052BACE /* Sources */ = {
			isa = PBXGroup;
			children = (
				21A9E29725D1DF430089690E /* Public */,
				2170713E25BB5BEA0052BACE /* AEPEdgeConsent.h */,
				2170719725BB5F9B0052BACE /* ConsentConstants.swift */,
				2170719025BB5F1A0052BACE /* Consent.swift */,
				21C095B825BB906A006C1CFE /* ConsentPreferencesManager.swift */,
				21C095B225BB9060006C1CFE /* ConsentPreferences.swift */,
				21D0F20B25C1EA410091FFBD /* Date+ISO8601.swift */,
				2170713F25BB5BEA0052BACE /* Info.plist */,
			);
			path = Sources;
			sourceTree = "<group>";
		};
		2170714825BB5BEB0052BACE /* UnitTests */ = {
			isa = PBXGroup;
			children = (
				21C0963825BF49C8006C1CFE /* Mocks */,
				21C0963225BF4928006C1CFE /* ConsentPreferencesManagerTests.swift */,
				21C0960725BF3429006C1CFE /* ConsentPreferencesTests.swift */,
				2170714B25BB5BEB0052BACE /* Info.plist */,
			);
			name = UnitTests;
			path = Tests/UnitTests;
			sourceTree = "<group>";
		};
		2170716625BB5CDC0052BACE /* FunctionalTests */ = {
			isa = PBXGroup;
			children = (
				21A9E2B625D1EDB90089690E /* Helpers */,
				2170716725BB5CDC0052BACE /* ConsentFunctionalTests.swift */,
				21A9E2A425D1E9690089690E /* ConsentPublicAPITests.swift */,
				2170716925BB5CDC0052BACE /* Info.plist */,
			);
			name = FunctionalTests;
			path = Tests/FunctionalTests;
			sourceTree = "<group>";
		};
		21A9E29725D1DF430089690E /* Public */ = {
			isa = PBXGroup;
			children = (
				217219E225CC9CDE00639914 /* Consent+PublicAPI.swift */,
			);
			path = Public;
			sourceTree = "<group>";
		};
		21A9E2B625D1EDB90089690E /* Helpers */ = {
			isa = PBXGroup;
			children = (
				21E80A3025BF6EAD00011C18 /* TestableExtensionRuntime.swift */,
				21A9E2AA25D1ED910089690E /* EventHub+Testable.swift */,
				21A9E2B025D1EDB10089690E /* MockExtension.swift */,
				2158820825E57C4C005B830B /* Dictionary+Flatten.swift */,
				21639FCB25E70FCA000D95E5 /* MockDataStore.swift */,
			);
			path = Helpers;
			sourceTree = "<group>";
		};
		21C0963825BF49C8006C1CFE /* Mocks */ = {
			isa = PBXGroup;
			children = (
				21C0963925BF49D4006C1CFE /* MockDataStore.swift */,
			);
			path = Mocks;
			sourceTree = "<group>";
		};
		21D4BAA925E9724E00DD11AF /* TestApp */ = {
			isa = PBXGroup;
			children = (
				21D4BAAA25E9724E00DD11AF /* AppDelegate.swift */,
				21D4BAAC25E9724F00DD11AF /* SceneDelegate.swift */,
				21D4BAAE25E9724F00DD11AF /* ContentView.swift */,
				21D4BAB025E9724F00DD11AF /* Assets.xcassets */,
				21D4BAB525E9724F00DD11AF /* LaunchScreen.storyboard */,
				21D4BAB825E9724F00DD11AF /* Info.plist */,
				21D4BAB225E9724F00DD11AF /* Preview Content */,
			);
			path = TestApp;
			sourceTree = "<group>";
		};
		21D4BAB225E9724F00DD11AF /* Preview Content */ = {
			isa = PBXGroup;
			children = (
				21D4BAB325E9724F00DD11AF /* Preview Assets.xcassets */,
			);
			path = "Preview Content";
			sourceTree = "<group>";
		};
		B6F6622D2604B3C600BB6DD2 /* TestAppObjc */ = {
			isa = PBXGroup;
			children = (
				B6F662782604B8E400BB6DD2 /* SceneDelegate.h */,
				B6F662792604B8E400BB6DD2 /* SceneDelegate.m */,
				B6F6622E2604B3C600BB6DD2 /* AppDelegate.h */,
				B6F6622F2604B3C600BB6DD2 /* AppDelegate.m */,
				B6F662342604B3C600BB6DD2 /* ViewController.h */,
				B6F662352604B3C600BB6DD2 /* ViewController.m */,
				B6F662372604B3C600BB6DD2 /* Main.storyboard */,
				B6F6623A2604B3C600BB6DD2 /* Assets.xcassets */,
				B6F6623C2604B3C600BB6DD2 /* LaunchScreen.storyboard */,
				B6F6623F2604B3C600BB6DD2 /* Info.plist */,
				B6F662402604B3C600BB6DD2 /* main.m */,
			);
			path = TestAppObjc;
			sourceTree = "<group>";
		};
		B82A3AA7E7C85EC910C031D0 /* Pods */ = {
			isa = PBXGroup;
			children = (
				CCC35D13FA6B8B9627895DDD /* Pods-AEPConsent.debug.xcconfig */,
				EE24E02FBBC34F250A39C88B /* Pods-AEPConsent.release.xcconfig */,
				0727261FE0B261DEDF99E120 /* Pods-FunctionalTests.debug.xcconfig */,
				DFFF1D550E9043E23668437A /* Pods-FunctionalTests.release.xcconfig */,
				289C6872756ECECA7D6D8D9D /* Pods-UnitTests.debug.xcconfig */,
				B1F5689382A831549A58FF19 /* Pods-UnitTests.release.xcconfig */,
				62795EC2D00BF03568DE0BF6 /* Pods-AEPConsentTestApp.debug.xcconfig */,
				07A368AC71EC6ABD9B7C7EA5 /* Pods-AEPConsentTestApp.release.xcconfig */,
				D2EDAF787EB8FEB8083A1651 /* Pods-AEPEdgeConsent.debug.xcconfig */,
				F794546E9F057BC8D14036AA /* Pods-AEPEdgeConsent.release.xcconfig */,
				4264AE6C14EE17A5E3331965 /* Pods-TestApp.debug.xcconfig */,
				67A9E8CF346C499B1627877D /* Pods-TestApp.release.xcconfig */,
				B6E68F3AF3B6638165648996 /* Pods-TestAppObjc.debug.xcconfig */,
				92DB1E0C3563831104A5EC54 /* Pods-TestAppObjc.release.xcconfig */,
			);
			path = Pods;
			sourceTree = "<group>";
		};
		E687966F0979FCD2463265A7 /* Frameworks */ = {
			isa = PBXGroup;
			children = (
				28D5C062DDFEA9266F94C735 /* Pods_FunctionalTests.framework */,
				067A0FE95E92A8DBB660F113 /* Pods_UnitTests.framework */,
				9F2BA9980B1427F6F3090E65 /* Pods_AEPEdgeConsent.framework */,
				6F2844EEEE0F43EC8C3402F6 /* Pods_TestApp.framework */,
				FCBAC6830BB47181AFA3767F /* Pods_TestAppObjc.framework */,
			);
			name = Frameworks;
			sourceTree = "<group>";
		};
/* End PBXGroup section */

/* Begin PBXHeadersBuildPhase section */
		2170713625BB5BEA0052BACE /* Headers */ = {
			isa = PBXHeadersBuildPhase;
			buildActionMask = 2147483647;
			files = (
				2170714C25BB5BEB0052BACE /* AEPEdgeConsent.h in Headers */,
			);
			runOnlyForDeploymentPostprocessing = 0;
		};
/* End PBXHeadersBuildPhase section */

/* Begin PBXNativeTarget section */
		2170713A25BB5BEA0052BACE /* AEPEdgeConsent */ = {
			isa = PBXNativeTarget;
			buildConfigurationList = 2170714F25BB5BEB0052BACE /* Build configuration list for PBXNativeTarget "AEPEdgeConsent" */;
			buildPhases = (
				E8996B4265D305A734C95D73 /* [CP] Check Pods Manifest.lock */,
				2170713625BB5BEA0052BACE /* Headers */,
				2170713725BB5BEA0052BACE /* Sources */,
				2170713825BB5BEA0052BACE /* Frameworks */,
				2170713925BB5BEA0052BACE /* Resources */,
				21C095EA25BF2383006C1CFE /* ShellScript */,
			);
			buildRules = (
			);
			dependencies = (
			);
			name = AEPEdgeConsent;
			productName = AEPConsent;
			productReference = 2170713B25BB5BEA0052BACE /* AEPEdgeConsent.framework */;
			productType = "com.apple.product-type.framework";
		};
		2170714325BB5BEB0052BACE /* UnitTests */ = {
			isa = PBXNativeTarget;
			buildConfigurationList = 2170715225BB5BEB0052BACE /* Build configuration list for PBXNativeTarget "UnitTests" */;
			buildPhases = (
				F91C6111602B04F79742ED93 /* [CP] Check Pods Manifest.lock */,
				2170714025BB5BEB0052BACE /* Sources */,
				2170714125BB5BEB0052BACE /* Frameworks */,
				2170714225BB5BEB0052BACE /* Resources */,
				9C7B927CB5EC1CCE9D917B5C /* [CP] Embed Pods Frameworks */,
			);
			buildRules = (
			);
			dependencies = (
				2170714725BB5BEB0052BACE /* PBXTargetDependency */,
			);
			name = UnitTests;
			productName = AEPConsentTests;
			productReference = 2170714425BB5BEB0052BACE /* UnitTests.xctest */;
			productType = "com.apple.product-type.bundle.unit-test";
		};
		2170716425BB5CDC0052BACE /* FunctionalTests */ = {
			isa = PBXNativeTarget;
			buildConfigurationList = 2170716D25BB5CDD0052BACE /* Build configuration list for PBXNativeTarget "FunctionalTests" */;
			buildPhases = (
				798EA7CBA8312711A0F9126C /* [CP] Check Pods Manifest.lock */,
				2170716125BB5CDC0052BACE /* Sources */,
				2170716225BB5CDC0052BACE /* Frameworks */,
				2170716325BB5CDC0052BACE /* Resources */,
				2F2F6FB0A75D34F2B2AD37E2 /* [CP] Embed Pods Frameworks */,
			);
			buildRules = (
			);
			dependencies = (
				2170716C25BB5CDD0052BACE /* PBXTargetDependency */,
			);
			name = FunctionalTests;
			productName = FunctionalTests;
			productReference = 2170716525BB5CDC0052BACE /* FunctionalTests.xctest */;
			productType = "com.apple.product-type.bundle.unit-test";
		};
		21D4BAA725E9724E00DD11AF /* TestApp */ = {
			isa = PBXNativeTarget;
			buildConfigurationList = 21D4BABB25E9724F00DD11AF /* Build configuration list for PBXNativeTarget "TestApp" */;
			buildPhases = (
				41E0E475F4B39DCF2E0D3BE0 /* [CP] Check Pods Manifest.lock */,
				21D4BAA425E9724E00DD11AF /* Sources */,
				21D4BAA525E9724E00DD11AF /* Frameworks */,
				21D4BAA625E9724E00DD11AF /* Resources */,
				F7EB184D3E2A4E9243B04992 /* [CP] Embed Pods Frameworks */,
			);
			buildRules = (
			);
			dependencies = (
				21D4BADE25E9766B00DD11AF /* PBXTargetDependency */,
			);
			name = TestApp;
			productName = AEPConsentTestApp;
			productReference = 21D4BAA825E9724E00DD11AF /* TestApp.app */;
			productType = "com.apple.product-type.application";
		};
		B6F6622B2604B3C600BB6DD2 /* TestAppObjc */ = {
			isa = PBXNativeTarget;
			buildConfigurationList = B6F662442604B3C600BB6DD2 /* Build configuration list for PBXNativeTarget "TestAppObjc" */;
			buildPhases = (
				31CFACB2AC4B767828168A65 /* [CP] Check Pods Manifest.lock */,
				B6F662282604B3C600BB6DD2 /* Sources */,
				B6F662292604B3C600BB6DD2 /* Frameworks */,
				B6F6622A2604B3C600BB6DD2 /* Resources */,
				0DE748EFFBD11F23D62FBF2C /* [CP] Embed Pods Frameworks */,
			);
			buildRules = (
			);
			dependencies = (
				B6F662652604B86500BB6DD2 /* PBXTargetDependency */,
			);
			name = TestAppObjc;
			productName = TestAppObjc;
			productReference = B6F6622C2604B3C600BB6DD2 /* TestAppObjc.app */;
			productType = "com.apple.product-type.application";
		};
/* End PBXNativeTarget section */

/* Begin PBXProject section */
		2170713225BB5BEA0052BACE /* Project object */ = {
			isa = PBXProject;
			attributes = {
				LastSwiftUpdateCheck = 1200;
				LastUpgradeCheck = 1200;
				TargetAttributes = {
					2170713A25BB5BEA0052BACE = {
						CreatedOnToolsVersion = 12.0;
						LastSwiftMigration = 1200;
					};
					2170714325BB5BEB0052BACE = {
						CreatedOnToolsVersion = 12.0;
					};
					2170716425BB5CDC0052BACE = {
						CreatedOnToolsVersion = 12.0;
					};
					2170719C25BB60A20052BACE = {
						CreatedOnToolsVersion = 12.0;
					};
					21D4BAA725E9724E00DD11AF = {
						CreatedOnToolsVersion = 12.0;
					};
					B6F6622B2604B3C600BB6DD2 = {
						CreatedOnToolsVersion = 12.4;
					};
				};
			};
			buildConfigurationList = 2170713525BB5BEA0052BACE /* Build configuration list for PBXProject "AEPEdgeConsent" */;
			compatibilityVersion = "Xcode 9.3";
			developmentRegion = en;
			hasScannedForEncodings = 0;
			knownRegions = (
				en,
				Base,
			);
			mainGroup = 2170713125BB5BEA0052BACE;
			productRefGroup = 2170713C25BB5BEA0052BACE /* Products */;
			projectDirPath = "";
			projectRoot = "";
			targets = (
				2170713A25BB5BEA0052BACE /* AEPEdgeConsent */,
				2170714325BB5BEB0052BACE /* UnitTests */,
				2170716425BB5CDC0052BACE /* FunctionalTests */,
				2170719C25BB60A20052BACE /* AEPEdgeConsentXCF */,
				21D4BAA725E9724E00DD11AF /* TestApp */,
				B6F6622B2604B3C600BB6DD2 /* TestAppObjc */,
			);
		};
/* End PBXProject section */

/* Begin PBXResourcesBuildPhase section */
		2170713925BB5BEA0052BACE /* Resources */ = {
			isa = PBXResourcesBuildPhase;
			buildActionMask = 2147483647;
			files = (
			);
			runOnlyForDeploymentPostprocessing = 0;
		};
		2170714225BB5BEB0052BACE /* Resources */ = {
			isa = PBXResourcesBuildPhase;
			buildActionMask = 2147483647;
			files = (
			);
			runOnlyForDeploymentPostprocessing = 0;
		};
		2170716325BB5CDC0052BACE /* Resources */ = {
			isa = PBXResourcesBuildPhase;
			buildActionMask = 2147483647;
			files = (
			);
			runOnlyForDeploymentPostprocessing = 0;
		};
		21D4BAA625E9724E00DD11AF /* Resources */ = {
			isa = PBXResourcesBuildPhase;
			buildActionMask = 2147483647;
			files = (
				21D4BAB725E9724F00DD11AF /* LaunchScreen.storyboard in Resources */,
				21D4BAB425E9724F00DD11AF /* Preview Assets.xcassets in Resources */,
				21D4BAB125E9724F00DD11AF /* Assets.xcassets in Resources */,
			);
			runOnlyForDeploymentPostprocessing = 0;
		};
		B6F6622A2604B3C600BB6DD2 /* Resources */ = {
			isa = PBXResourcesBuildPhase;
			buildActionMask = 2147483647;
			files = (
				B6F6623E2604B3C600BB6DD2 /* LaunchScreen.storyboard in Resources */,
				B6F6623B2604B3C600BB6DD2 /* Assets.xcassets in Resources */,
				B6F662392604B3C600BB6DD2 /* Main.storyboard in Resources */,
			);
			runOnlyForDeploymentPostprocessing = 0;
		};
/* End PBXResourcesBuildPhase section */

/* Begin PBXShellScriptBuildPhase section */
		0DE748EFFBD11F23D62FBF2C /* [CP] Embed Pods Frameworks */ = {
			isa = PBXShellScriptBuildPhase;
			buildActionMask = 2147483647;
			files = (
			);
			inputFileListPaths = (
				"${PODS_ROOT}/Target Support Files/Pods-TestAppObjc/Pods-TestAppObjc-frameworks-${CONFIGURATION}-input-files.xcfilelist",
			);
			name = "[CP] Embed Pods Frameworks";
			outputFileListPaths = (
				"${PODS_ROOT}/Target Support Files/Pods-TestAppObjc/Pods-TestAppObjc-frameworks-${CONFIGURATION}-output-files.xcfilelist",
			);
			runOnlyForDeploymentPostprocessing = 0;
			shellPath = /bin/sh;
			shellScript = "\"${PODS_ROOT}/Target Support Files/Pods-TestAppObjc/Pods-TestAppObjc-frameworks.sh\"\n";
			showEnvVarsInLog = 0;
		};
		21C095EA25BF2383006C1CFE /* ShellScript */ = {
			isa = PBXShellScriptBuildPhase;
			buildActionMask = 2147483647;
			files = (
			);
			inputFileListPaths = (
			);
			inputPaths = (
			);
			outputFileListPaths = (
			);
			outputPaths = (
			);
			runOnlyForDeploymentPostprocessing = 0;
			shellPath = /bin/sh;
			shellScript = "# Type a script or drag a script file from your workspace to insert its path.\nif which swiftlint >/dev/null; then\n    ./Pods/SwiftLint/swiftlint lint --config ${SRCROOT}/.swiftlint.yml Sources\nelse\n    echo \"warning: SwiftLint is not installed, please run the pod install command from the project root directory.\"\nfi\n\n";
		};
		2F2F6FB0A75D34F2B2AD37E2 /* [CP] Embed Pods Frameworks */ = {
			isa = PBXShellScriptBuildPhase;
			buildActionMask = 2147483647;
			files = (
			);
			inputFileListPaths = (
				"${PODS_ROOT}/Target Support Files/Pods-FunctionalTests/Pods-FunctionalTests-frameworks-${CONFIGURATION}-input-files.xcfilelist",
			);
			name = "[CP] Embed Pods Frameworks";
			outputFileListPaths = (
				"${PODS_ROOT}/Target Support Files/Pods-FunctionalTests/Pods-FunctionalTests-frameworks-${CONFIGURATION}-output-files.xcfilelist",
			);
			runOnlyForDeploymentPostprocessing = 0;
			shellPath = /bin/sh;
			shellScript = "\"${PODS_ROOT}/Target Support Files/Pods-FunctionalTests/Pods-FunctionalTests-frameworks.sh\"\n";
			showEnvVarsInLog = 0;
		};
		31CFACB2AC4B767828168A65 /* [CP] Check Pods Manifest.lock */ = {
			isa = PBXShellScriptBuildPhase;
			buildActionMask = 2147483647;
			files = (
			);
			inputFileListPaths = (
			);
			inputPaths = (
				"${PODS_PODFILE_DIR_PATH}/Podfile.lock",
				"${PODS_ROOT}/Manifest.lock",
			);
			name = "[CP] Check Pods Manifest.lock";
			outputFileListPaths = (
			);
			outputPaths = (
				"$(DERIVED_FILE_DIR)/Pods-TestAppObjc-checkManifestLockResult.txt",
			);
			runOnlyForDeploymentPostprocessing = 0;
			shellPath = /bin/sh;
			shellScript = "diff \"${PODS_PODFILE_DIR_PATH}/Podfile.lock\" \"${PODS_ROOT}/Manifest.lock\" > /dev/null\nif [ $? != 0 ] ; then\n    # print error to STDERR\n    echo \"error: The sandbox is not in sync with the Podfile.lock. Run 'pod install' or update your CocoaPods installation.\" >&2\n    exit 1\nfi\n# This output is used by Xcode 'outputs' to avoid re-running this script phase.\necho \"SUCCESS\" > \"${SCRIPT_OUTPUT_FILE_0}\"\n";
			showEnvVarsInLog = 0;
		};
		41E0E475F4B39DCF2E0D3BE0 /* [CP] Check Pods Manifest.lock */ = {
			isa = PBXShellScriptBuildPhase;
			buildActionMask = 2147483647;
			files = (
			);
			inputFileListPaths = (
			);
			inputPaths = (
				"${PODS_PODFILE_DIR_PATH}/Podfile.lock",
				"${PODS_ROOT}/Manifest.lock",
			);
			name = "[CP] Check Pods Manifest.lock";
			outputFileListPaths = (
			);
			outputPaths = (
				"$(DERIVED_FILE_DIR)/Pods-TestApp-checkManifestLockResult.txt",
			);
			runOnlyForDeploymentPostprocessing = 0;
			shellPath = /bin/sh;
			shellScript = "diff \"${PODS_PODFILE_DIR_PATH}/Podfile.lock\" \"${PODS_ROOT}/Manifest.lock\" > /dev/null\nif [ $? != 0 ] ; then\n    # print error to STDERR\n    echo \"error: The sandbox is not in sync with the Podfile.lock. Run 'pod install' or update your CocoaPods installation.\" >&2\n    exit 1\nfi\n# This output is used by Xcode 'outputs' to avoid re-running this script phase.\necho \"SUCCESS\" > \"${SCRIPT_OUTPUT_FILE_0}\"\n";
			showEnvVarsInLog = 0;
		};
		798EA7CBA8312711A0F9126C /* [CP] Check Pods Manifest.lock */ = {
			isa = PBXShellScriptBuildPhase;
			buildActionMask = 2147483647;
			files = (
			);
			inputFileListPaths = (
			);
			inputPaths = (
				"${PODS_PODFILE_DIR_PATH}/Podfile.lock",
				"${PODS_ROOT}/Manifest.lock",
			);
			name = "[CP] Check Pods Manifest.lock";
			outputFileListPaths = (
			);
			outputPaths = (
				"$(DERIVED_FILE_DIR)/Pods-FunctionalTests-checkManifestLockResult.txt",
			);
			runOnlyForDeploymentPostprocessing = 0;
			shellPath = /bin/sh;
			shellScript = "diff \"${PODS_PODFILE_DIR_PATH}/Podfile.lock\" \"${PODS_ROOT}/Manifest.lock\" > /dev/null\nif [ $? != 0 ] ; then\n    # print error to STDERR\n    echo \"error: The sandbox is not in sync with the Podfile.lock. Run 'pod install' or update your CocoaPods installation.\" >&2\n    exit 1\nfi\n# This output is used by Xcode 'outputs' to avoid re-running this script phase.\necho \"SUCCESS\" > \"${SCRIPT_OUTPUT_FILE_0}\"\n";
			showEnvVarsInLog = 0;
		};
		9C7B927CB5EC1CCE9D917B5C /* [CP] Embed Pods Frameworks */ = {
			isa = PBXShellScriptBuildPhase;
			buildActionMask = 2147483647;
			files = (
			);
			inputFileListPaths = (
				"${PODS_ROOT}/Target Support Files/Pods-UnitTests/Pods-UnitTests-frameworks-${CONFIGURATION}-input-files.xcfilelist",
			);
			name = "[CP] Embed Pods Frameworks";
			outputFileListPaths = (
				"${PODS_ROOT}/Target Support Files/Pods-UnitTests/Pods-UnitTests-frameworks-${CONFIGURATION}-output-files.xcfilelist",
			);
			runOnlyForDeploymentPostprocessing = 0;
			shellPath = /bin/sh;
			shellScript = "\"${PODS_ROOT}/Target Support Files/Pods-UnitTests/Pods-UnitTests-frameworks.sh\"\n";
			showEnvVarsInLog = 0;
		};
		E8996B4265D305A734C95D73 /* [CP] Check Pods Manifest.lock */ = {
			isa = PBXShellScriptBuildPhase;
			buildActionMask = 2147483647;
			files = (
			);
			inputFileListPaths = (
			);
			inputPaths = (
				"${PODS_PODFILE_DIR_PATH}/Podfile.lock",
				"${PODS_ROOT}/Manifest.lock",
			);
			name = "[CP] Check Pods Manifest.lock";
			outputFileListPaths = (
			);
			outputPaths = (
				"$(DERIVED_FILE_DIR)/Pods-AEPEdgeConsent-checkManifestLockResult.txt",
			);
			runOnlyForDeploymentPostprocessing = 0;
			shellPath = /bin/sh;
			shellScript = "diff \"${PODS_PODFILE_DIR_PATH}/Podfile.lock\" \"${PODS_ROOT}/Manifest.lock\" > /dev/null\nif [ $? != 0 ] ; then\n    # print error to STDERR\n    echo \"error: The sandbox is not in sync with the Podfile.lock. Run 'pod install' or update your CocoaPods installation.\" >&2\n    exit 1\nfi\n# This output is used by Xcode 'outputs' to avoid re-running this script phase.\necho \"SUCCESS\" > \"${SCRIPT_OUTPUT_FILE_0}\"\n";
			showEnvVarsInLog = 0;
		};
		F7EB184D3E2A4E9243B04992 /* [CP] Embed Pods Frameworks */ = {
			isa = PBXShellScriptBuildPhase;
			buildActionMask = 2147483647;
			files = (
			);
			inputFileListPaths = (
				"${PODS_ROOT}/Target Support Files/Pods-TestApp/Pods-TestApp-frameworks-${CONFIGURATION}-input-files.xcfilelist",
			);
			name = "[CP] Embed Pods Frameworks";
			outputFileListPaths = (
				"${PODS_ROOT}/Target Support Files/Pods-TestApp/Pods-TestApp-frameworks-${CONFIGURATION}-output-files.xcfilelist",
			);
			runOnlyForDeploymentPostprocessing = 0;
			shellPath = /bin/sh;
			shellScript = "\"${PODS_ROOT}/Target Support Files/Pods-TestApp/Pods-TestApp-frameworks.sh\"\n";
			showEnvVarsInLog = 0;
		};
		F91C6111602B04F79742ED93 /* [CP] Check Pods Manifest.lock */ = {
			isa = PBXShellScriptBuildPhase;
			buildActionMask = 2147483647;
			files = (
			);
			inputFileListPaths = (
			);
			inputPaths = (
				"${PODS_PODFILE_DIR_PATH}/Podfile.lock",
				"${PODS_ROOT}/Manifest.lock",
			);
			name = "[CP] Check Pods Manifest.lock";
			outputFileListPaths = (
			);
			outputPaths = (
				"$(DERIVED_FILE_DIR)/Pods-UnitTests-checkManifestLockResult.txt",
			);
			runOnlyForDeploymentPostprocessing = 0;
			shellPath = /bin/sh;
			shellScript = "diff \"${PODS_PODFILE_DIR_PATH}/Podfile.lock\" \"${PODS_ROOT}/Manifest.lock\" > /dev/null\nif [ $? != 0 ] ; then\n    # print error to STDERR\n    echo \"error: The sandbox is not in sync with the Podfile.lock. Run 'pod install' or update your CocoaPods installation.\" >&2\n    exit 1\nfi\n# This output is used by Xcode 'outputs' to avoid re-running this script phase.\necho \"SUCCESS\" > \"${SCRIPT_OUTPUT_FILE_0}\"\n";
			showEnvVarsInLog = 0;
		};
/* End PBXShellScriptBuildPhase section */

/* Begin PBXSourcesBuildPhase section */
		2170713725BB5BEA0052BACE /* Sources */ = {
			isa = PBXSourcesBuildPhase;
			buildActionMask = 2147483647;
			files = (
				21C095B925BB906A006C1CFE /* ConsentPreferencesManager.swift in Sources */,
				2170719825BB5F9B0052BACE /* ConsentConstants.swift in Sources */,
				2170719125BB5F1A0052BACE /* Consent.swift in Sources */,
				217219E325CC9CDE00639914 /* Consent+PublicAPI.swift in Sources */,
				212C60CD25E570CC00CCECF9 /* Date+ISO8601.swift in Sources */,
				21C095B325BB9060006C1CFE /* ConsentPreferences.swift in Sources */,
			);
			runOnlyForDeploymentPostprocessing = 0;
		};
		2170714025BB5BEB0052BACE /* Sources */ = {
			isa = PBXSourcesBuildPhase;
			buildActionMask = 2147483647;
			files = (
				21C0964725BF4A21006C1CFE /* MockDataStore.swift in Sources */,
				21C0963325BF4928006C1CFE /* ConsentPreferencesManagerTests.swift in Sources */,
				2158821225E5A729005B830B /* Dictionary+Flatten.swift in Sources */,
				21C0960825BF3429006C1CFE /* ConsentPreferencesTests.swift in Sources */,
			);
			runOnlyForDeploymentPostprocessing = 0;
		};
		2170716125BB5CDC0052BACE /* Sources */ = {
			isa = PBXSourcesBuildPhase;
			buildActionMask = 2147483647;
			files = (
				2158820925E57C4C005B830B /* Dictionary+Flatten.swift in Sources */,
				21A9E2A525D1E9690089690E /* ConsentPublicAPITests.swift in Sources */,
				21A9E2AB25D1ED910089690E /* EventHub+Testable.swift in Sources */,
				21E80A3125BF6EAD00011C18 /* TestableExtensionRuntime.swift in Sources */,
				21639FCC25E70FCA000D95E5 /* MockDataStore.swift in Sources */,
				21A9E2B125D1EDB10089690E /* MockExtension.swift in Sources */,
				2170716825BB5CDC0052BACE /* ConsentFunctionalTests.swift in Sources */,
			);
			runOnlyForDeploymentPostprocessing = 0;
		};
		21D4BAA425E9724E00DD11AF /* Sources */ = {
			isa = PBXSourcesBuildPhase;
			buildActionMask = 2147483647;
			files = (
				21D4BAAB25E9724E00DD11AF /* AppDelegate.swift in Sources */,
				21D4BAAD25E9724F00DD11AF /* SceneDelegate.swift in Sources */,
				21D4BAAF25E9724F00DD11AF /* ContentView.swift in Sources */,
			);
			runOnlyForDeploymentPostprocessing = 0;
		};
		B6F662282604B3C600BB6DD2 /* Sources */ = {
			isa = PBXSourcesBuildPhase;
			buildActionMask = 2147483647;
			files = (
				B6F662362604B3C600BB6DD2 /* ViewController.m in Sources */,
				B6F662302604B3C600BB6DD2 /* AppDelegate.m in Sources */,
				B6F662412604B3C600BB6DD2 /* main.m in Sources */,
				B6F6627A2604B8E400BB6DD2 /* SceneDelegate.m in Sources */,
			);
			runOnlyForDeploymentPostprocessing = 0;
		};
/* End PBXSourcesBuildPhase section */

/* Begin PBXTargetDependency section */
		2170714725BB5BEB0052BACE /* PBXTargetDependency */ = {
			isa = PBXTargetDependency;
			target = 2170713A25BB5BEA0052BACE /* AEPEdgeConsent */;
			targetProxy = 2170714625BB5BEB0052BACE /* PBXContainerItemProxy */;
		};
		2170716C25BB5CDD0052BACE /* PBXTargetDependency */ = {
			isa = PBXTargetDependency;
			target = 2170713A25BB5BEA0052BACE /* AEPEdgeConsent */;
			targetProxy = 2170716B25BB5CDD0052BACE /* PBXContainerItemProxy */;
		};
		217071A525BB60E20052BACE /* PBXTargetDependency */ = {
			isa = PBXTargetDependency;
			target = 2170713A25BB5BEA0052BACE /* AEPEdgeConsent */;
			targetProxy = 217071A425BB60E20052BACE /* PBXContainerItemProxy */;
		};
		21D4BADE25E9766B00DD11AF /* PBXTargetDependency */ = {
			isa = PBXTargetDependency;
			target = 2170713A25BB5BEA0052BACE /* AEPEdgeConsent */;
			targetProxy = 21D4BADD25E9766B00DD11AF /* PBXContainerItemProxy */;
		};
		B6F662652604B86500BB6DD2 /* PBXTargetDependency */ = {
			isa = PBXTargetDependency;
			target = 2170713A25BB5BEA0052BACE /* AEPEdgeConsent */;
			targetProxy = B6F662642604B86500BB6DD2 /* PBXContainerItemProxy */;
		};
/* End PBXTargetDependency section */

/* Begin PBXVariantGroup section */
		21D4BAB525E9724F00DD11AF /* LaunchScreen.storyboard */ = {
			isa = PBXVariantGroup;
			children = (
				21D4BAB625E9724F00DD11AF /* Base */,
			);
			name = LaunchScreen.storyboard;
			sourceTree = "<group>";
		};
		B6F662372604B3C600BB6DD2 /* Main.storyboard */ = {
			isa = PBXVariantGroup;
			children = (
				B6F662382604B3C600BB6DD2 /* Base */,
			);
			name = Main.storyboard;
			sourceTree = "<group>";
		};
		B6F6623C2604B3C600BB6DD2 /* LaunchScreen.storyboard */ = {
			isa = PBXVariantGroup;
			children = (
				B6F6623D2604B3C600BB6DD2 /* Base */,
			);
			name = LaunchScreen.storyboard;
			sourceTree = "<group>";
		};
/* End PBXVariantGroup section */

/* Begin XCBuildConfiguration section */
		2170714D25BB5BEB0052BACE /* Debug */ = {
			isa = XCBuildConfiguration;
			buildSettings = {
				ALWAYS_SEARCH_USER_PATHS = NO;
				CLANG_ANALYZER_NONNULL = YES;
				CLANG_ANALYZER_NUMBER_OBJECT_CONVERSION = YES_AGGRESSIVE;
				CLANG_CXX_LANGUAGE_STANDARD = "gnu++14";
				CLANG_CXX_LIBRARY = "libc++";
				CLANG_ENABLE_MODULES = YES;
				CLANG_ENABLE_OBJC_ARC = YES;
				CLANG_ENABLE_OBJC_WEAK = YES;
				CLANG_WARN_BLOCK_CAPTURE_AUTORELEASING = YES;
				CLANG_WARN_BOOL_CONVERSION = YES;
				CLANG_WARN_COMMA = YES;
				CLANG_WARN_CONSTANT_CONVERSION = YES;
				CLANG_WARN_DEPRECATED_OBJC_IMPLEMENTATIONS = YES;
				CLANG_WARN_DIRECT_OBJC_ISA_USAGE = YES_ERROR;
				CLANG_WARN_DOCUMENTATION_COMMENTS = YES;
				CLANG_WARN_EMPTY_BODY = YES;
				CLANG_WARN_ENUM_CONVERSION = YES;
				CLANG_WARN_INFINITE_RECURSION = YES;
				CLANG_WARN_INT_CONVERSION = YES;
				CLANG_WARN_NON_LITERAL_NULL_CONVERSION = YES;
				CLANG_WARN_OBJC_IMPLICIT_RETAIN_SELF = YES;
				CLANG_WARN_OBJC_LITERAL_CONVERSION = YES;
				CLANG_WARN_OBJC_ROOT_CLASS = YES_ERROR;
				CLANG_WARN_QUOTED_INCLUDE_IN_FRAMEWORK_HEADER = YES;
				CLANG_WARN_RANGE_LOOP_ANALYSIS = YES;
				CLANG_WARN_STRICT_PROTOTYPES = YES;
				CLANG_WARN_SUSPICIOUS_MOVE = YES;
				CLANG_WARN_UNGUARDED_AVAILABILITY = YES_AGGRESSIVE;
				CLANG_WARN_UNREACHABLE_CODE = YES;
				CLANG_WARN__DUPLICATE_METHOD_MATCH = YES;
				COPY_PHASE_STRIP = NO;
				CURRENT_PROJECT_VERSION = 1;
				DEBUG_INFORMATION_FORMAT = dwarf;
				ENABLE_STRICT_OBJC_MSGSEND = YES;
				ENABLE_TESTABILITY = YES;
				GCC_C_LANGUAGE_STANDARD = gnu11;
				GCC_DYNAMIC_NO_PIC = NO;
				GCC_NO_COMMON_BLOCKS = YES;
				GCC_OPTIMIZATION_LEVEL = 0;
				GCC_PREPROCESSOR_DEFINITIONS = (
					"DEBUG=1",
					"$(inherited)",
				);
				GCC_WARN_64_TO_32_BIT_CONVERSION = YES;
				GCC_WARN_ABOUT_RETURN_TYPE = YES_ERROR;
				GCC_WARN_UNDECLARED_SELECTOR = YES;
				GCC_WARN_UNINITIALIZED_AUTOS = YES_AGGRESSIVE;
				GCC_WARN_UNUSED_FUNCTION = YES;
				GCC_WARN_UNUSED_VARIABLE = YES;
				IPHONEOS_DEPLOYMENT_TARGET = 10.0;
				MTL_ENABLE_DEBUG_INFO = INCLUDE_SOURCE;
				MTL_FAST_MATH = YES;
				ONLY_ACTIVE_ARCH = YES;
				SDKROOT = iphoneos;
				SWIFT_ACTIVE_COMPILATION_CONDITIONS = DEBUG;
				SWIFT_OPTIMIZATION_LEVEL = "-Onone";
				VERSIONING_SYSTEM = "apple-generic";
				VERSION_INFO_PREFIX = "";
			};
			name = Debug;
		};
		2170714E25BB5BEB0052BACE /* Release */ = {
			isa = XCBuildConfiguration;
			buildSettings = {
				ALWAYS_SEARCH_USER_PATHS = NO;
				CLANG_ANALYZER_NONNULL = YES;
				CLANG_ANALYZER_NUMBER_OBJECT_CONVERSION = YES_AGGRESSIVE;
				CLANG_CXX_LANGUAGE_STANDARD = "gnu++14";
				CLANG_CXX_LIBRARY = "libc++";
				CLANG_ENABLE_MODULES = YES;
				CLANG_ENABLE_OBJC_ARC = YES;
				CLANG_ENABLE_OBJC_WEAK = YES;
				CLANG_WARN_BLOCK_CAPTURE_AUTORELEASING = YES;
				CLANG_WARN_BOOL_CONVERSION = YES;
				CLANG_WARN_COMMA = YES;
				CLANG_WARN_CONSTANT_CONVERSION = YES;
				CLANG_WARN_DEPRECATED_OBJC_IMPLEMENTATIONS = YES;
				CLANG_WARN_DIRECT_OBJC_ISA_USAGE = YES_ERROR;
				CLANG_WARN_DOCUMENTATION_COMMENTS = YES;
				CLANG_WARN_EMPTY_BODY = YES;
				CLANG_WARN_ENUM_CONVERSION = YES;
				CLANG_WARN_INFINITE_RECURSION = YES;
				CLANG_WARN_INT_CONVERSION = YES;
				CLANG_WARN_NON_LITERAL_NULL_CONVERSION = YES;
				CLANG_WARN_OBJC_IMPLICIT_RETAIN_SELF = YES;
				CLANG_WARN_OBJC_LITERAL_CONVERSION = YES;
				CLANG_WARN_OBJC_ROOT_CLASS = YES_ERROR;
				CLANG_WARN_QUOTED_INCLUDE_IN_FRAMEWORK_HEADER = YES;
				CLANG_WARN_RANGE_LOOP_ANALYSIS = YES;
				CLANG_WARN_STRICT_PROTOTYPES = YES;
				CLANG_WARN_SUSPICIOUS_MOVE = YES;
				CLANG_WARN_UNGUARDED_AVAILABILITY = YES_AGGRESSIVE;
				CLANG_WARN_UNREACHABLE_CODE = YES;
				CLANG_WARN__DUPLICATE_METHOD_MATCH = YES;
				COPY_PHASE_STRIP = NO;
				CURRENT_PROJECT_VERSION = 1;
				DEBUG_INFORMATION_FORMAT = "dwarf-with-dsym";
				ENABLE_NS_ASSERTIONS = NO;
				ENABLE_STRICT_OBJC_MSGSEND = YES;
				GCC_C_LANGUAGE_STANDARD = gnu11;
				GCC_NO_COMMON_BLOCKS = YES;
				GCC_WARN_64_TO_32_BIT_CONVERSION = YES;
				GCC_WARN_ABOUT_RETURN_TYPE = YES_ERROR;
				GCC_WARN_UNDECLARED_SELECTOR = YES;
				GCC_WARN_UNINITIALIZED_AUTOS = YES_AGGRESSIVE;
				GCC_WARN_UNUSED_FUNCTION = YES;
				GCC_WARN_UNUSED_VARIABLE = YES;
				IPHONEOS_DEPLOYMENT_TARGET = 10.0;
				MTL_ENABLE_DEBUG_INFO = NO;
				MTL_FAST_MATH = YES;
				SDKROOT = iphoneos;
				SWIFT_COMPILATION_MODE = wholemodule;
				SWIFT_OPTIMIZATION_LEVEL = "-O";
				VALIDATE_PRODUCT = YES;
				VERSIONING_SYSTEM = "apple-generic";
				VERSION_INFO_PREFIX = "";
			};
			name = Release;
		};
		2170715025BB5BEB0052BACE /* Debug */ = {
			isa = XCBuildConfiguration;
			baseConfigurationReference = D2EDAF787EB8FEB8083A1651 /* Pods-AEPEdgeConsent.debug.xcconfig */;
			buildSettings = {
				BUILD_LIBRARY_FOR_DISTRIBUTION = YES;
				CLANG_ENABLE_MODULES = YES;
				CODE_SIGN_STYLE = Automatic;
				DEFINES_MODULE = YES;
				DYLIB_COMPATIBILITY_VERSION = 1;
				DYLIB_CURRENT_VERSION = 1;
				DYLIB_INSTALL_NAME_BASE = "@rpath";
				INFOPLIST_FILE = "$(SRCROOT)/Sources/Info.plist";
				INSTALL_PATH = "$(LOCAL_LIBRARY_DIR)/Frameworks";
				IPHONEOS_DEPLOYMENT_TARGET = 10.0;
				LD_RUNPATH_SEARCH_PATHS = (
					"$(inherited)",
					"@executable_path/Frameworks",
					"@loader_path/Frameworks",
				);
				MARKETING_VERSION = 1.0.0;
				PRODUCT_BUNDLE_IDENTIFIER = com.adobe.aep.edge.consent;
				PRODUCT_MODULE_NAME = AEPEdgeConsent;
				PRODUCT_NAME = "$(TARGET_NAME:c99extidentifier)";
				SKIP_INSTALL = YES;
				SUPPORTS_MACCATALYST = NO;
				SWIFT_OPTIMIZATION_LEVEL = "-Onone";
				SWIFT_VERSION = 5.0;
				TARGETED_DEVICE_FAMILY = "1,2";
			};
			name = Debug;
		};
		2170715125BB5BEB0052BACE /* Release */ = {
			isa = XCBuildConfiguration;
			baseConfigurationReference = F794546E9F057BC8D14036AA /* Pods-AEPEdgeConsent.release.xcconfig */;
			buildSettings = {
				BUILD_LIBRARY_FOR_DISTRIBUTION = YES;
				CLANG_ENABLE_MODULES = YES;
				CODE_SIGN_STYLE = Automatic;
				DEFINES_MODULE = YES;
				DYLIB_COMPATIBILITY_VERSION = 1;
				DYLIB_CURRENT_VERSION = 1;
				DYLIB_INSTALL_NAME_BASE = "@rpath";
				INFOPLIST_FILE = "$(SRCROOT)/Sources/Info.plist";
				INSTALL_PATH = "$(LOCAL_LIBRARY_DIR)/Frameworks";
				IPHONEOS_DEPLOYMENT_TARGET = 10.0;
				LD_RUNPATH_SEARCH_PATHS = (
					"$(inherited)",
					"@executable_path/Frameworks",
					"@loader_path/Frameworks",
				);
				MARKETING_VERSION = 1.0.0;
				PRODUCT_BUNDLE_IDENTIFIER = com.adobe.aep.edge.consent;
				PRODUCT_MODULE_NAME = AEPEdgeConsent;
				PRODUCT_NAME = "$(TARGET_NAME:c99extidentifier)";
				SKIP_INSTALL = YES;
				SUPPORTS_MACCATALYST = NO;
				SWIFT_VERSION = 5.0;
				TARGETED_DEVICE_FAMILY = "1,2";
			};
			name = Release;
		};
		2170715325BB5BEB0052BACE /* Debug */ = {
			isa = XCBuildConfiguration;
			baseConfigurationReference = 289C6872756ECECA7D6D8D9D /* Pods-UnitTests.debug.xcconfig */;
			buildSettings = {
				CODE_SIGN_STYLE = Automatic;
				INFOPLIST_FILE = Tests/UnitTests/Info.plist;
				IPHONEOS_DEPLOYMENT_TARGET = 10.0;
				LD_RUNPATH_SEARCH_PATHS = (
					"$(inherited)",
					"@executable_path/Frameworks",
					"@loader_path/Frameworks",
				);
				PRODUCT_BUNDLE_IDENTIFIER = com.adobe.aep.consent.AEPEdgeConsentTests;
				PRODUCT_NAME = "$(TARGET_NAME)";
				SWIFT_VERSION = 5.0;
				TARGETED_DEVICE_FAMILY = "1,2";
			};
			name = Debug;
		};
		2170715425BB5BEB0052BACE /* Release */ = {
			isa = XCBuildConfiguration;
			baseConfigurationReference = B1F5689382A831549A58FF19 /* Pods-UnitTests.release.xcconfig */;
			buildSettings = {
				CODE_SIGN_STYLE = Automatic;
				INFOPLIST_FILE = Tests/UnitTests/Info.plist;
				IPHONEOS_DEPLOYMENT_TARGET = 10.0;
				LD_RUNPATH_SEARCH_PATHS = (
					"$(inherited)",
					"@executable_path/Frameworks",
					"@loader_path/Frameworks",
				);
				PRODUCT_BUNDLE_IDENTIFIER = com.adobe.aep.consent.AEPEdgeConsentTests;
				PRODUCT_NAME = "$(TARGET_NAME)";
				SWIFT_VERSION = 5.0;
				TARGETED_DEVICE_FAMILY = "1,2";
			};
			name = Release;
		};
		2170716E25BB5CDD0052BACE /* Debug */ = {
			isa = XCBuildConfiguration;
			baseConfigurationReference = 0727261FE0B261DEDF99E120 /* Pods-FunctionalTests.debug.xcconfig */;
			buildSettings = {
				CODE_SIGN_STYLE = Automatic;
				INFOPLIST_FILE = Tests/FunctionalTests/Info.plist;
				IPHONEOS_DEPLOYMENT_TARGET = 10.0;
				LD_RUNPATH_SEARCH_PATHS = (
					"$(inherited)",
					"@executable_path/Frameworks",
					"@loader_path/Frameworks",
				);
				PRODUCT_BUNDLE_IDENTIFIER = com.adobe.aep.consent.FunctionalTests;
				PRODUCT_NAME = "$(TARGET_NAME)";
				SWIFT_VERSION = 5.0;
				TARGETED_DEVICE_FAMILY = "1,2";
			};
			name = Debug;
		};
		2170716F25BB5CDD0052BACE /* Release */ = {
			isa = XCBuildConfiguration;
			baseConfigurationReference = DFFF1D550E9043E23668437A /* Pods-FunctionalTests.release.xcconfig */;
			buildSettings = {
				CODE_SIGN_STYLE = Automatic;
				INFOPLIST_FILE = Tests/FunctionalTests/Info.plist;
				IPHONEOS_DEPLOYMENT_TARGET = 10.0;
				LD_RUNPATH_SEARCH_PATHS = (
					"$(inherited)",
					"@executable_path/Frameworks",
					"@loader_path/Frameworks",
				);
				PRODUCT_BUNDLE_IDENTIFIER = com.adobe.aep.consent.FunctionalTests;
				PRODUCT_NAME = "$(TARGET_NAME)";
				SWIFT_VERSION = 5.0;
				TARGETED_DEVICE_FAMILY = "1,2";
			};
			name = Release;
		};
		2170719E25BB60A20052BACE /* Debug */ = {
			isa = XCBuildConfiguration;
			buildSettings = {
				BUILD_LIBRARY_FOR_DISTRIBUTION = YES;
				CODE_SIGN_STYLE = Automatic;
				IPHONEOS_DEPLOYMENT_TARGET = 10.0;
				PRODUCT_NAME = "$(TARGET_NAME)";
			};
			name = Debug;
		};
		2170719F25BB60A20052BACE /* Release */ = {
			isa = XCBuildConfiguration;
			buildSettings = {
				BUILD_LIBRARY_FOR_DISTRIBUTION = YES;
				CODE_SIGN_STYLE = Automatic;
				IPHONEOS_DEPLOYMENT_TARGET = 10.0;
				PRODUCT_NAME = "$(TARGET_NAME)";
			};
			name = Release;
		};
		21D4BAB925E9724F00DD11AF /* Debug */ = {
			isa = XCBuildConfiguration;
			baseConfigurationReference = 4264AE6C14EE17A5E3331965 /* Pods-TestApp.debug.xcconfig */;
			buildSettings = {
				ASSETCATALOG_COMPILER_APPICON_NAME = AppIcon;
				ASSETCATALOG_COMPILER_GLOBAL_ACCENT_COLOR_NAME = AccentColor;
				CODE_SIGN_STYLE = Automatic;
				DEVELOPMENT_ASSET_PATHS = "\"TestApp/Preview Content\"";
				ENABLE_PREVIEWS = YES;
				INFOPLIST_FILE = TestApp/Info.plist;
				IPHONEOS_DEPLOYMENT_TARGET = 13.0;
				LD_RUNPATH_SEARCH_PATHS = (
					"$(inherited)",
					"@executable_path/Frameworks",
				);
				PRODUCT_BUNDLE_IDENTIFIER = com.adobe.aep.consent.TestApp;
				PRODUCT_NAME = "$(TARGET_NAME)";
				SWIFT_VERSION = 5.0;
				TARGETED_DEVICE_FAMILY = "1,2";
			};
			name = Debug;
		};
		21D4BABA25E9724F00DD11AF /* Release */ = {
			isa = XCBuildConfiguration;
			baseConfigurationReference = 67A9E8CF346C499B1627877D /* Pods-TestApp.release.xcconfig */;
			buildSettings = {
				ASSETCATALOG_COMPILER_APPICON_NAME = AppIcon;
				ASSETCATALOG_COMPILER_GLOBAL_ACCENT_COLOR_NAME = AccentColor;
				CODE_SIGN_STYLE = Automatic;
				DEVELOPMENT_ASSET_PATHS = "\"TestApp/Preview Content\"";
				ENABLE_PREVIEWS = YES;
				INFOPLIST_FILE = TestApp/Info.plist;
				IPHONEOS_DEPLOYMENT_TARGET = 13.0;
				LD_RUNPATH_SEARCH_PATHS = (
					"$(inherited)",
					"@executable_path/Frameworks",
				);
				PRODUCT_BUNDLE_IDENTIFIER = com.adobe.aep.consent.TestApp;
				PRODUCT_NAME = "$(TARGET_NAME)";
				SWIFT_VERSION = 5.0;
				TARGETED_DEVICE_FAMILY = "1,2";
			};
			name = Release;
		};
		B6F662422604B3C600BB6DD2 /* Debug */ = {
			isa = XCBuildConfiguration;
			baseConfigurationReference = B6E68F3AF3B6638165648996 /* Pods-TestAppObjc.debug.xcconfig */;
			buildSettings = {
				ASSETCATALOG_COMPILER_APPICON_NAME = AppIcon;
				ASSETCATALOG_COMPILER_GLOBAL_ACCENT_COLOR_NAME = AccentColor;
				CODE_SIGN_STYLE = Automatic;
				DEVELOPMENT_TEAM = FKGEE875K4;
				INFOPLIST_FILE = TestAppObjc/Info.plist;
				IPHONEOS_DEPLOYMENT_TARGET = 14.4;
				LD_RUNPATH_SEARCH_PATHS = (
					"$(inherited)",
					"@executable_path/Frameworks",
				);
				PRODUCT_BUNDLE_IDENTIFIER = com.adobe.TestAppObjc;
				PRODUCT_NAME = "$(TARGET_NAME)";
				TARGETED_DEVICE_FAMILY = "1,2";
			};
			name = Debug;
		};
		B6F662432604B3C600BB6DD2 /* Release */ = {
			isa = XCBuildConfiguration;
			baseConfigurationReference = 92DB1E0C3563831104A5EC54 /* Pods-TestAppObjc.release.xcconfig */;
			buildSettings = {
				ASSETCATALOG_COMPILER_APPICON_NAME = AppIcon;
				ASSETCATALOG_COMPILER_GLOBAL_ACCENT_COLOR_NAME = AccentColor;
				CODE_SIGN_STYLE = Automatic;
				DEVELOPMENT_TEAM = FKGEE875K4;
				INFOPLIST_FILE = TestAppObjc/Info.plist;
				IPHONEOS_DEPLOYMENT_TARGET = 14.4;
				LD_RUNPATH_SEARCH_PATHS = (
					"$(inherited)",
					"@executable_path/Frameworks",
				);
				PRODUCT_BUNDLE_IDENTIFIER = com.adobe.TestAppObjc;
				PRODUCT_NAME = "$(TARGET_NAME)";
				TARGETED_DEVICE_FAMILY = "1,2";
			};
			name = Release;
		};
/* End XCBuildConfiguration section */

/* Begin XCConfigurationList section */
		2170713525BB5BEA0052BACE /* Build configuration list for PBXProject "AEPEdgeConsent" */ = {
			isa = XCConfigurationList;
			buildConfigurations = (
				2170714D25BB5BEB0052BACE /* Debug */,
				2170714E25BB5BEB0052BACE /* Release */,
			);
			defaultConfigurationIsVisible = 0;
			defaultConfigurationName = Release;
		};
		2170714F25BB5BEB0052BACE /* Build configuration list for PBXNativeTarget "AEPEdgeConsent" */ = {
			isa = XCConfigurationList;
			buildConfigurations = (
				2170715025BB5BEB0052BACE /* Debug */,
				2170715125BB5BEB0052BACE /* Release */,
			);
			defaultConfigurationIsVisible = 0;
			defaultConfigurationName = Release;
		};
		2170715225BB5BEB0052BACE /* Build configuration list for PBXNativeTarget "UnitTests" */ = {
			isa = XCConfigurationList;
			buildConfigurations = (
				2170715325BB5BEB0052BACE /* Debug */,
				2170715425BB5BEB0052BACE /* Release */,
			);
			defaultConfigurationIsVisible = 0;
			defaultConfigurationName = Release;
		};
		2170716D25BB5CDD0052BACE /* Build configuration list for PBXNativeTarget "FunctionalTests" */ = {
			isa = XCConfigurationList;
			buildConfigurations = (
				2170716E25BB5CDD0052BACE /* Debug */,
				2170716F25BB5CDD0052BACE /* Release */,
			);
			defaultConfigurationIsVisible = 0;
			defaultConfigurationName = Release;
		};
		2170719D25BB60A20052BACE /* Build configuration list for PBXAggregateTarget "AEPEdgeConsentXCF" */ = {
			isa = XCConfigurationList;
			buildConfigurations = (
				2170719E25BB60A20052BACE /* Debug */,
				2170719F25BB60A20052BACE /* Release */,
			);
			defaultConfigurationIsVisible = 0;
			defaultConfigurationName = Release;
		};
		21D4BABB25E9724F00DD11AF /* Build configuration list for PBXNativeTarget "TestApp" */ = {
			isa = XCConfigurationList;
			buildConfigurations = (
				21D4BAB925E9724F00DD11AF /* Debug */,
				21D4BABA25E9724F00DD11AF /* Release */,
			);
			defaultConfigurationIsVisible = 0;
			defaultConfigurationName = Release;
		};
		B6F662442604B3C600BB6DD2 /* Build configuration list for PBXNativeTarget "TestAppObjc" */ = {
			isa = XCConfigurationList;
			buildConfigurations = (
				B6F662422604B3C600BB6DD2 /* Debug */,
				B6F662432604B3C600BB6DD2 /* Release */,
			);
			defaultConfigurationIsVisible = 0;
			defaultConfigurationName = Release;
		};
/* End XCConfigurationList section */
	};
	rootObject = 2170713225BB5BEA0052BACE /* Project object */;
}
